// !$*UTF8*$!
{
	archiveVersion = 1;
	classes = {
	};
	objectVersion = 50;
	objects = {

/* Begin PBXBuildFile section */
		FF2284A226E7516300E83EB9 /* LegionLifeViewController.swift in Sources */ = {isa = PBXBuildFile; fileRef = FF2284A126E7516300E83EB9 /* LegionLifeViewController.swift */; };
		FF2284A426E7517000E83EB9 /* ChattingViewController.swift in Sources */ = {isa = PBXBuildFile; fileRef = FF2284A326E7517000E83EB9 /* ChattingViewController.swift */; };
		FF2284A626E7517C00E83EB9 /* MyProfileViewController.swift in Sources */ = {isa = PBXBuildFile; fileRef = FF2284A526E7517C00E83EB9 /* MyProfileViewController.swift */; };
		FF2284A826E751D600E83EB9 /* AroundMeViewController.swift in Sources */ = {isa = PBXBuildFile; fileRef = FF2284A726E751D600E83EB9 /* AroundMeViewController.swift */; };
		FF2284AD26E7849800E83EB9 /* PaddedLabel.swift in Sources */ = {isa = PBXBuildFile; fileRef = FF2284AC26E7849800E83EB9 /* PaddedLabel.swift */; };
		FF4337A326E7877E00FD5706 /* NavigationTitle.swift in Sources */ = {isa = PBXBuildFile; fileRef = FF4337A226E7877E00FD5706 /* NavigationTitle.swift */; };
		FF4337DF26E7DEA700FD5706 /* ProductViewController.swift in Sources */ = {isa = PBXBuildFile; fileRef = FF4337DE26E7DEA700FD5706 /* ProductViewController.swift */; };
		FFC79AD526E67555005A97C5 /* AppDelegate.swift in Sources */ = {isa = PBXBuildFile; fileRef = FFC79AD426E67555005A97C5 /* AppDelegate.swift */; };
		FFC79AD726E67555005A97C5 /* SceneDelegate.swift in Sources */ = {isa = PBXBuildFile; fileRef = FFC79AD626E67555005A97C5 /* SceneDelegate.swift */; };
		FFC79ADC26E67555005A97C5 /* Main.storyboard in Resources */ = {isa = PBXBuildFile; fileRef = FFC79ADA26E67555005A97C5 /* Main.storyboard */; };
		FFC79ADE26E67557005A97C5 /* Assets.xcassets in Resources */ = {isa = PBXBuildFile; fileRef = FFC79ADD26E67557005A97C5 /* Assets.xcassets */; };
		FFC79AE126E67557005A97C5 /* LaunchScreen.storyboard in Resources */ = {isa = PBXBuildFile; fileRef = FFC79ADF26E67557005A97C5 /* LaunchScreen.storyboard */; };
		FFC79AEA26E73170005A97C5 /* HomeViewController.swift in Sources */ = {isa = PBXBuildFile; fileRef = FFC79AE926E73170005A97C5 /* HomeViewController.swift */; };
		FFC79AED26E731B9005A97C5 /* HomeItemView.swift in Sources */ = {isa = PBXBuildFile; fileRef = FFC79AEC26E731B9005A97C5 /* HomeItemView.swift */; };
/* End PBXBuildFile section */

/* Begin PBXFileReference section */
		FF2284A126E7516300E83EB9 /* LegionLifeViewController.swift */ = {isa = PBXFileReference; lastKnownFileType = sourcecode.swift; path = LegionLifeViewController.swift; sourceTree = "<group>"; };
		FF2284A326E7517000E83EB9 /* ChattingViewController.swift */ = {isa = PBXFileReference; lastKnownFileType = sourcecode.swift; path = ChattingViewController.swift; sourceTree = "<group>"; };
		FF2284A526E7517C00E83EB9 /* MyProfileViewController.swift */ = {isa = PBXFileReference; lastKnownFileType = sourcecode.swift; path = MyProfileViewController.swift; sourceTree = "<group>"; };
		FF2284A726E751D600E83EB9 /* AroundMeViewController.swift */ = {isa = PBXFileReference; lastKnownFileType = sourcecode.swift; path = AroundMeViewController.swift; sourceTree = "<group>"; };
		FF2284AC26E7849800E83EB9 /* PaddedLabel.swift */ = {isa = PBXFileReference; lastKnownFileType = sourcecode.swift; path = PaddedLabel.swift; sourceTree = "<group>"; };
		FF4337A226E7877E00FD5706 /* NavigationTitle.swift */ = {isa = PBXFileReference; lastKnownFileType = sourcecode.swift; path = NavigationTitle.swift; sourceTree = "<group>"; };
		FF4337DE26E7DEA700FD5706 /* ProductViewController.swift */ = {isa = PBXFileReference; lastKnownFileType = sourcecode.swift; path = ProductViewController.swift; sourceTree = "<group>"; };
		FFC79AD126E67555005A97C5 /* CarrotMarket.app */ = {isa = PBXFileReference; explicitFileType = wrapper.application; includeInIndex = 0; path = CarrotMarket.app; sourceTree = BUILT_PRODUCTS_DIR; };
		FFC79AD426E67555005A97C5 /* AppDelegate.swift */ = {isa = PBXFileReference; lastKnownFileType = sourcecode.swift; path = AppDelegate.swift; sourceTree = "<group>"; };
		FFC79AD626E67555005A97C5 /* SceneDelegate.swift */ = {isa = PBXFileReference; lastKnownFileType = sourcecode.swift; path = SceneDelegate.swift; sourceTree = "<group>"; };
		FFC79ADB26E67555005A97C5 /* Base */ = {isa = PBXFileReference; lastKnownFileType = file.storyboard; name = Base; path = Base.lproj/Main.storyboard; sourceTree = "<group>"; };
		FFC79ADD26E67557005A97C5 /* Assets.xcassets */ = {isa = PBXFileReference; lastKnownFileType = folder.assetcatalog; path = Assets.xcassets; sourceTree = "<group>"; };
		FFC79AE026E67557005A97C5 /* Base */ = {isa = PBXFileReference; lastKnownFileType = file.storyboard; name = Base; path = Base.lproj/LaunchScreen.storyboard; sourceTree = "<group>"; };
		FFC79AE226E67557005A97C5 /* Info.plist */ = {isa = PBXFileReference; lastKnownFileType = text.plist.xml; path = Info.plist; sourceTree = "<group>"; };
		FFC79AE926E73170005A97C5 /* HomeViewController.swift */ = {isa = PBXFileReference; lastKnownFileType = sourcecode.swift; path = HomeViewController.swift; sourceTree = "<group>"; };
		FFC79AEC26E731B9005A97C5 /* HomeItemView.swift */ = {isa = PBXFileReference; lastKnownFileType = sourcecode.swift; path = HomeItemView.swift; sourceTree = "<group>"; };
/* End PBXFileReference section */

/* Begin PBXFrameworksBuildPhase section */
		FFC79ACE26E67555005A97C5 /* Frameworks */ = {
			isa = PBXFrameworksBuildPhase;
			buildActionMask = 2147483647;
			files = (
			);
			runOnlyForDeploymentPostprocessing = 0;
		};
/* End PBXFrameworksBuildPhase section */

/* Begin PBXGroup section */
		FF2284A926E751EA00E83EB9 /* Storyboard */ = {
			isa = PBXGroup;
			children = (
				FFC79ADA26E67555005A97C5 /* Main.storyboard */,
				FFC79ADF26E67557005A97C5 /* LaunchScreen.storyboard */,
			);
			path = Storyboard;
			sourceTree = "<group>";
		};
		FF2284AA26E760E700E83EB9 /* Model */ = {
			isa = PBXGroup;
			children = (
			);
			path = Model;
			sourceTree = "<group>";
		};
		FF2284AB26E7848800E83EB9 /* Util */ = {
			isa = PBXGroup;
			children = (
				FF2284AC26E7849800E83EB9 /* PaddedLabel.swift */,
				FF4337A226E7877E00FD5706 /* NavigationTitle.swift */,
			);
			path = Util;
			sourceTree = "<group>";
		};
		FFC79AC826E67555005A97C5 = {
			isa = PBXGroup;
			children = (
				FFC79AD326E67555005A97C5 /* CarrotMarket */,
				FFC79AD226E67555005A97C5 /* Products */,
			);
			sourceTree = "<group>";
		};
		FFC79AD226E67555005A97C5 /* Products */ = {
			isa = PBXGroup;
			children = (
				FFC79AD126E67555005A97C5 /* CarrotMarket.app */,
			);
			name = Products;
			sourceTree = "<group>";
		};
		FFC79AD326E67555005A97C5 /* CarrotMarket */ = {
			isa = PBXGroup;
			children = (
				FF2284AB26E7848800E83EB9 /* Util */,
				FF2284AA26E760E700E83EB9 /* Model */,
				FF2284A926E751EA00E83EB9 /* Storyboard */,
				FFC79AEE26E73AFC005A97C5 /* Resource */,
				FFC79AEB26E7319E005A97C5 /* View */,
				FFC79AE826E7315A005A97C5 /* ViewController */,
				FFC79AE226E67557005A97C5 /* Info.plist */,
			);
			path = CarrotMarket;
			sourceTree = "<group>";
		};
		FFC79AE826E7315A005A97C5 /* ViewController */ = {
			isa = PBXGroup;
			children = (
				FFC79AE926E73170005A97C5 /* HomeViewController.swift */,
				FF2284A126E7516300E83EB9 /* LegionLifeViewController.swift */,
				FF2284A326E7517000E83EB9 /* ChattingViewController.swift */,
				FF2284A526E7517C00E83EB9 /* MyProfileViewController.swift */,
				FF2284A726E751D600E83EB9 /* AroundMeViewController.swift */,
				FF4337DE26E7DEA700FD5706 /* ProductViewController.swift */,
			);
			path = ViewController;
			sourceTree = "<group>";
		};
		FFC79AEB26E7319E005A97C5 /* View */ = {
			isa = PBXGroup;
			children = (
				FFC79AEC26E731B9005A97C5 /* HomeItemView.swift */,
			);
			path = View;
			sourceTree = "<group>";
		};
		FFC79AEE26E73AFC005A97C5 /* Resource */ = {
			isa = PBXGroup;
			children = (
				FFC79AD426E67555005A97C5 /* AppDelegate.swift */,
				FFC79AD626E67555005A97C5 /* SceneDelegate.swift */,
				FFC79ADD26E67557005A97C5 /* Assets.xcassets */,
			);
			path = Resource;
			sourceTree = "<group>";
		};
/* End PBXGroup section */

/* Begin PBXNativeTarget section */
		FFC79AD026E67555005A97C5 /* CarrotMarket */ = {
			isa = PBXNativeTarget;
			buildConfigurationList = FFC79AE526E67557005A97C5 /* Build configuration list for PBXNativeTarget "CarrotMarket" */;
			buildPhases = (
				FFC79ACD26E67555005A97C5 /* Sources */,
				FFC79ACE26E67555005A97C5 /* Frameworks */,
				FFC79ACF26E67555005A97C5 /* Resources */,
			);
			buildRules = (
			);
			dependencies = (
			);
			name = CarrotMarket;
			productName = CarrotMarket;
			productReference = FFC79AD126E67555005A97C5 /* CarrotMarket.app */;
			productType = "com.apple.product-type.application";
		};
/* End PBXNativeTarget section */

/* Begin PBXProject section */
		FFC79AC926E67555005A97C5 /* Project object */ = {
			isa = PBXProject;
			attributes = {
				LastSwiftUpdateCheck = 1250;
				LastUpgradeCheck = 1250;
				TargetAttributes = {
					FFC79AD026E67555005A97C5 = {
						CreatedOnToolsVersion = 12.5.1;
					};
				};
			};
			buildConfigurationList = FFC79ACC26E67555005A97C5 /* Build configuration list for PBXProject "CarrotMarket" */;
			compatibilityVersion = "Xcode 9.3";
			developmentRegion = en;
			hasScannedForEncodings = 0;
			knownRegions = (
				en,
				Base,
			);
			mainGroup = FFC79AC826E67555005A97C5;
			productRefGroup = FFC79AD226E67555005A97C5 /* Products */;
			projectDirPath = "";
			projectRoot = "";
			targets = (
				FFC79AD026E67555005A97C5 /* CarrotMarket */,
			);
		};
/* End PBXProject section */

/* Begin PBXResourcesBuildPhase section */
		FFC79ACF26E67555005A97C5 /* Resources */ = {
			isa = PBXResourcesBuildPhase;
			buildActionMask = 2147483647;
			files = (
				FFC79AE126E67557005A97C5 /* LaunchScreen.storyboard in Resources */,
				FFC79ADE26E67557005A97C5 /* Assets.xcassets in Resources */,
				FFC79ADC26E67555005A97C5 /* Main.storyboard in Resources */,
			);
			runOnlyForDeploymentPostprocessing = 0;
		};
/* End PBXResourcesBuildPhase section */

/* Begin PBXSourcesBuildPhase section */
		FFC79ACD26E67555005A97C5 /* Sources */ = {
			isa = PBXSourcesBuildPhase;
			buildActionMask = 2147483647;
			files = (
				FF2284A826E751D600E83EB9 /* AroundMeViewController.swift in Sources */,
				FFC79AED26E731B9005A97C5 /* HomeItemView.swift in Sources */,
				FF2284A426E7517000E83EB9 /* ChattingViewController.swift in Sources */,
				FF4337DF26E7DEA700FD5706 /* ProductViewController.swift in Sources */,
				FFC79AD526E67555005A97C5 /* AppDelegate.swift in Sources */,
				FFC79AD726E67555005A97C5 /* SceneDelegate.swift in Sources */,
				FF2284A226E7516300E83EB9 /* LegionLifeViewController.swift in Sources */,
				FF4337A326E7877E00FD5706 /* NavigationTitle.swift in Sources */,
				FF2284AD26E7849800E83EB9 /* PaddedLabel.swift in Sources */,
				FF2284A626E7517C00E83EB9 /* MyProfileViewController.swift in Sources */,
				FFC79AEA26E73170005A97C5 /* HomeViewController.swift in Sources */,
			);
			runOnlyForDeploymentPostprocessing = 0;
		};
/* End PBXSourcesBuildPhase section */

/* Begin PBXVariantGroup section */
		FFC79ADA26E67555005A97C5 /* Main.storyboard */ = {
			isa = PBXVariantGroup;
			children = (
				FFC79ADB26E67555005A97C5 /* Base */,
			);
			name = Main.storyboard;
			sourceTree = "<group>";
		};
		FFC79ADF26E67557005A97C5 /* LaunchScreen.storyboard */ = {
			isa = PBXVariantGroup;
			children = (
				FFC79AE026E67557005A97C5 /* Base */,
			);
			name = LaunchScreen.storyboard;
			sourceTree = "<group>";
		};
/* End PBXVariantGroup section */

/* Begin XCBuildConfiguration section */
		FFC79AE326E67557005A97C5 /* Debug */ = {
			isa = XCBuildConfiguration;
			buildSettings = {
				ALWAYS_SEARCH_USER_PATHS = NO;
				CLANG_ANALYZER_NONNULL = YES;
				CLANG_ANALYZER_NUMBER_OBJECT_CONVERSION = YES_AGGRESSIVE;
				CLANG_CXX_LANGUAGE_STANDARD = "gnu++14";
				CLANG_CXX_LIBRARY = "libc++";
				CLANG_ENABLE_MODULES = YES;
				CLANG_ENABLE_OBJC_ARC = YES;
				CLANG_ENABLE_OBJC_WEAK = YES;
				CLANG_WARN_BLOCK_CAPTURE_AUTORELEASING = YES;
				CLANG_WARN_BOOL_CONVERSION = YES;
				CLANG_WARN_COMMA = YES;
				CLANG_WARN_CONSTANT_CONVERSION = YES;
				CLANG_WARN_DEPRECATED_OBJC_IMPLEMENTATIONS = YES;
				CLANG_WARN_DIRECT_OBJC_ISA_USAGE = YES_ERROR;
				CLANG_WARN_DOCUMENTATION_COMMENTS = YES;
				CLANG_WARN_EMPTY_BODY = YES;
				CLANG_WARN_ENUM_CONVERSION = YES;
				CLANG_WARN_INFINITE_RECURSION = YES;
				CLANG_WARN_INT_CONVERSION = YES;
				CLANG_WARN_NON_LITERAL_NULL_CONVERSION = YES;
				CLANG_WARN_OBJC_IMPLICIT_RETAIN_SELF = YES;
				CLANG_WARN_OBJC_LITERAL_CONVERSION = YES;
				CLANG_WARN_OBJC_ROOT_CLASS = YES_ERROR;
				CLANG_WARN_QUOTED_INCLUDE_IN_FRAMEWORK_HEADER = YES;
				CLANG_WARN_RANGE_LOOP_ANALYSIS = YES;
				CLANG_WARN_STRICT_PROTOTYPES = YES;
				CLANG_WARN_SUSPICIOUS_MOVE = YES;
				CLANG_WARN_UNGUARDED_AVAILABILITY = YES_AGGRESSIVE;
				CLANG_WARN_UNREACHABLE_CODE = YES;
				CLANG_WARN__DUPLICATE_METHOD_MATCH = YES;
				COPY_PHASE_STRIP = NO;
				DEBUG_INFORMATION_FORMAT = dwarf;
				ENABLE_STRICT_OBJC_MSGSEND = YES;
				ENABLE_TESTABILITY = YES;
				GCC_C_LANGUAGE_STANDARD = gnu11;
				GCC_DYNAMIC_NO_PIC = NO;
				GCC_NO_COMMON_BLOCKS = YES;
				GCC_OPTIMIZATION_LEVEL = 0;
				GCC_PREPROCESSOR_DEFINITIONS = (
					"DEBUG=1",
					"$(inherited)",
				);
				GCC_WARN_64_TO_32_BIT_CONVERSION = YES;
				GCC_WARN_ABOUT_RETURN_TYPE = YES_ERROR;
				GCC_WARN_UNDECLARED_SELECTOR = YES;
				GCC_WARN_UNINITIALIZED_AUTOS = YES_AGGRESSIVE;
				GCC_WARN_UNUSED_FUNCTION = YES;
				GCC_WARN_UNUSED_VARIABLE = YES;
				IPHONEOS_DEPLOYMENT_TARGET = 14.5;
				MTL_ENABLE_DEBUG_INFO = INCLUDE_SOURCE;
				MTL_FAST_MATH = YES;
				ONLY_ACTIVE_ARCH = YES;
				SDKROOT = iphoneos;
				SWIFT_ACTIVE_COMPILATION_CONDITIONS = DEBUG;
				SWIFT_OPTIMIZATION_LEVEL = "-Onone";
			};
			name = Debug;
		};
		FFC79AE426E67557005A97C5 /* Release */ = {
			isa = XCBuildConfiguration;
			buildSettings = {
				ALWAYS_SEARCH_USER_PATHS = NO;
				CLANG_ANALYZER_NONNULL = YES;
				CLANG_ANALYZER_NUMBER_OBJECT_CONVERSION = YES_AGGRESSIVE;
				CLANG_CXX_LANGUAGE_STANDARD = "gnu++14";
				CLANG_CXX_LIBRARY = "libc++";
				CLANG_ENABLE_MODULES = YES;
				CLANG_ENABLE_OBJC_ARC = YES;
				CLANG_ENABLE_OBJC_WEAK = YES;
				CLANG_WARN_BLOCK_CAPTURE_AUTORELEASING = YES;
				CLANG_WARN_BOOL_CONVERSION = YES;
				CLANG_WARN_COMMA = YES;
				CLANG_WARN_CONSTANT_CONVERSION = YES;
				CLANG_WARN_DEPRECATED_OBJC_IMPLEMENTATIONS = YES;
				CLANG_WARN_DIRECT_OBJC_ISA_USAGE = YES_ERROR;
				CLANG_WARN_DOCUMENTATION_COMMENTS = YES;
				CLANG_WARN_EMPTY_BODY = YES;
				CLANG_WARN_ENUM_CONVERSION = YES;
				CLANG_WARN_INFINITE_RECURSION = YES;
				CLANG_WARN_INT_CONVERSION = YES;
				CLANG_WARN_NON_LITERAL_NULL_CONVERSION = YES;
				CLANG_WARN_OBJC_IMPLICIT_RETAIN_SELF = YES;
				CLANG_WARN_OBJC_LITERAL_CONVERSION = YES;
				CLANG_WARN_OBJC_ROOT_CLASS = YES_ERROR;
				CLANG_WARN_QUOTED_INCLUDE_IN_FRAMEWORK_HEADER = YES;
				CLANG_WARN_RANGE_LOOP_ANALYSIS = YES;
				CLANG_WARN_STRICT_PROTOTYPES = YES;
				CLANG_WARN_SUSPICIOUS_MOVE = YES;
				CLANG_WARN_UNGUARDED_AVAILABILITY = YES_AGGRESSIVE;
				CLANG_WARN_UNREACHABLE_CODE = YES;
				CLANG_WARN__DUPLICATE_METHOD_MATCH = YES;
				COPY_PHASE_STRIP = NO;
				DEBUG_INFORMATION_FORMAT = "dwarf-with-dsym";
				ENABLE_NS_ASSERTIONS = NO;
				ENABLE_STRICT_OBJC_MSGSEND = YES;
				GCC_C_LANGUAGE_STANDARD = gnu11;
				GCC_NO_COMMON_BLOCKS = YES;
				GCC_WARN_64_TO_32_BIT_CONVERSION = YES;
				GCC_WARN_ABOUT_RETURN_TYPE = YES_ERROR;
				GCC_WARN_UNDECLARED_SELECTOR = YES;
				GCC_WARN_UNINITIALIZED_AUTOS = YES_AGGRESSIVE;
				GCC_WARN_UNUSED_FUNCTION = YES;
				GCC_WARN_UNUSED_VARIABLE = YES;
				IPHONEOS_DEPLOYMENT_TARGET = 14.5;
				MTL_ENABLE_DEBUG_INFO = NO;
				MTL_FAST_MATH = YES;
				SDKROOT = iphoneos;
				SWIFT_COMPILATION_MODE = wholemodule;
				SWIFT_OPTIMIZATION_LEVEL = "-O";
				VALIDATE_PRODUCT = YES;
			};
			name = Release;
		};
		FFC79AE626E67557005A97C5 /* Debug */ = {
			isa = XCBuildConfiguration;
			buildSettings = {
				ASSETCATALOG_COMPILER_APPICON_NAME = AppIcon;
				ASSETCATALOG_COMPILER_GLOBAL_ACCENT_COLOR_NAME = AccentColor;
				CODE_SIGN_STYLE = Automatic;
				DEVELOPMENT_TEAM = H3V637RY5A;
				INFOPLIST_FILE = CarrotMarket/Info.plist;
				LD_RUNPATH_SEARCH_PATHS = (
					"$(inherited)",
					"@executable_path/Frameworks",
				);
				PRODUCT_BUNDLE_IDENTIFIER = kr.yeonpark.CarrotMarket;
				PRODUCT_NAME = "$(TARGET_NAME)";
				SWIFT_VERSION = 5.0;
				TARGETED_DEVICE_FAMILY = "1,2";
			};
			name = Debug;
		};
		FFC79AE726E67557005A97C5 /* Release */ = {
			isa = XCBuildConfiguration;
			buildSettings = {
				ASSETCATALOG_COMPILER_APPICON_NAME = AppIcon;
				ASSETCATALOG_COMPILER_GLOBAL_ACCENT_COLOR_NAME = AccentColor;
				CODE_SIGN_STYLE = Automatic;
				DEVELOPMENT_TEAM = H3V637RY5A;
				INFOPLIST_FILE = CarrotMarket/Info.plist;
				LD_RUNPATH_SEARCH_PATHS = (
					"$(inherited)",
					"@executable_path/Frameworks",
				);
				PRODUCT_BUNDLE_IDENTIFIER = kr.yeonpark.CarrotMarket;
				PRODUCT_NAME = "$(TARGET_NAME)";
				SWIFT_VERSION = 5.0;
				TARGETED_DEVICE_FAMILY = "1,2";
			};
			name = Release;
		};
/* End XCBuildConfiguration section */

/* Begin XCConfigurationList section */
		FFC79ACC26E67555005A97C5 /* Build configuration list for PBXProject "CarrotMarket" */ = {
			isa = XCConfigurationList;
			buildConfigurations = (
				FFC79AE326E67557005A97C5 /* Debug */,
				FFC79AE426E67557005A97C5 /* Release */,
			);
			defaultConfigurationIsVisible = 0;
			defaultConfigurationName = Release;
		};
		FFC79AE526E67557005A97C5 /* Build configuration list for PBXNativeTarget "CarrotMarket" */ = {
			isa = XCConfigurationList;
			buildConfigurations = (
				FFC79AE626E67557005A97C5 /* Debug */,
				FFC79AE726E67557005A97C5 /* Release */,
			);
			defaultConfigurationIsVisible = 0;
			defaultConfigurationName = Release;
		};
/* End XCConfigurationList section */
	};
	rootObject = FFC79AC926E67555005A97C5 /* Project object */;
}
