// !$*UTF8*$!
{
	archiveVersion = 1;
	classes = {
	};
	objectVersion = 50;
	objects = {

/* Begin PBXBuildFile section */
		FFE83EBD2670F8DF0063A181 /* GoodAsOldPhoneApp.swift in Sources */ = {isa = PBXBuildFile; fileRef = FFE83EBC2670F8DE0063A181 /* GoodAsOldPhoneApp.swift */; };
		FFE83EBF2670F8DF0063A181 /* ContentView.swift in Sources */ = {isa = PBXBuildFile; fileRef = FFE83EBE2670F8DF0063A181 /* ContentView.swift */; };
		FFE83EC12670F8DF0063A181 /* Assets.xcassets in Resources */ = {isa = PBXBuildFile; fileRef = FFE83EC02670F8DF0063A181 /* Assets.xcassets */; };
		FFE83EC42670F8DF0063A181 /* Preview Assets.xcassets in Resources */ = {isa = PBXBuildFile; fileRef = FFE83EC32670F8DF0063A181 /* Preview Assets.xcassets */; };
		FFE83ECD2670FAE70063A181 /* ProductView.swift in Sources */ = {isa = PBXBuildFile; fileRef = FFE83ECC2670FAE70063A181 /* ProductView.swift */; };
		FFE83ECF2670FAFE0063A181 /* ContactView.swift in Sources */ = {isa = PBXBuildFile; fileRef = FFE83ECE2670FAFE0063A181 /* ContactView.swift */; };
		FFE83EE3267247150063A181 /* ProductCell1.swift in Sources */ = {isa = PBXBuildFile; fileRef = FFE83EE2267247150063A181 /* ProductCell1.swift */; };
		FFE83EE5267257460063A181 /* Product1DetailView.swift in Sources */ = {isa = PBXBuildFile; fileRef = FFE83EE4267257460063A181 /* Product1DetailView.swift */; };
		FFE83EE8267261710063A181 /* ProductCell2.swift in Sources */ = {isa = PBXBuildFile; fileRef = FFE83EE7267261710063A181 /* ProductCell2.swift */; };
		FFE83EEA267261D70063A181 /* ProductCell3.swift in Sources */ = {isa = PBXBuildFile; fileRef = FFE83EE9267261D70063A181 /* ProductCell3.swift */; };
		FFE83EEC267261FF0063A181 /* ProductCell4.swift in Sources */ = {isa = PBXBuildFile; fileRef = FFE83EEB267261FF0063A181 /* ProductCell4.swift */; };
		FFE83EEE2672623B0063A181 /* Product2DetailView.swift in Sources */ = {isa = PBXBuildFile; fileRef = FFE83EED2672623B0063A181 /* Product2DetailView.swift */; };
		FFE83EF0267262620063A181 /* Product3DetailView.swift in Sources */ = {isa = PBXBuildFile; fileRef = FFE83EEF267262620063A181 /* Product3DetailView.swift */; };
		FFE83EF2267262860063A181 /* Product4DetailView.swift in Sources */ = {isa = PBXBuildFile; fileRef = FFE83EF1267262860063A181 /* Product4DetailView.swift */; };
/* End PBXBuildFile section */

/* Begin PBXFileReference section */
		FFE83EB92670F8DE0063A181 /* GoodAsOldPhone.app */ = {isa = PBXFileReference; explicitFileType = wrapper.application; includeInIndex = 0; path = GoodAsOldPhone.app; sourceTree = BUILT_PRODUCTS_DIR; };
		FFE83EBC2670F8DE0063A181 /* GoodAsOldPhoneApp.swift */ = {isa = PBXFileReference; lastKnownFileType = sourcecode.swift; path = GoodAsOldPhoneApp.swift; sourceTree = "<group>"; };
		FFE83EBE2670F8DF0063A181 /* ContentView.swift */ = {isa = PBXFileReference; lastKnownFileType = sourcecode.swift; path = ContentView.swift; sourceTree = "<group>"; };
		FFE83EC02670F8DF0063A181 /* Assets.xcassets */ = {isa = PBXFileReference; lastKnownFileType = folder.assetcatalog; path = Assets.xcassets; sourceTree = "<group>"; };
		FFE83EC32670F8DF0063A181 /* Preview Assets.xcassets */ = {isa = PBXFileReference; lastKnownFileType = folder.assetcatalog; path = "Preview Assets.xcassets"; sourceTree = "<group>"; };
		FFE83EC52670F8DF0063A181 /* Info.plist */ = {isa = PBXFileReference; lastKnownFileType = text.plist.xml; path = Info.plist; sourceTree = "<group>"; };
		FFE83ECC2670FAE70063A181 /* ProductView.swift */ = {isa = PBXFileReference; lastKnownFileType = sourcecode.swift; path = ProductView.swift; sourceTree = "<group>"; };
		FFE83ECE2670FAFE0063A181 /* ContactView.swift */ = {isa = PBXFileReference; lastKnownFileType = sourcecode.swift; path = ContactView.swift; sourceTree = "<group>"; };
		FFE83EE2267247150063A181 /* ProductCell1.swift */ = {isa = PBXFileReference; lastKnownFileType = sourcecode.swift; path = ProductCell1.swift; sourceTree = "<group>"; };
		FFE83EE4267257460063A181 /* Product1DetailView.swift */ = {isa = PBXFileReference; lastKnownFileType = sourcecode.swift; path = Product1DetailView.swift; sourceTree = "<group>"; };
		FFE83EE7267261710063A181 /* ProductCell2.swift */ = {isa = PBXFileReference; lastKnownFileType = sourcecode.swift; path = ProductCell2.swift; sourceTree = "<group>"; };
		FFE83EE9267261D70063A181 /* ProductCell3.swift */ = {isa = PBXFileReference; lastKnownFileType = sourcecode.swift; path = ProductCell3.swift; sourceTree = "<group>"; };
		FFE83EEB267261FF0063A181 /* ProductCell4.swift */ = {isa = PBXFileReference; lastKnownFileType = sourcecode.swift; path = ProductCell4.swift; sourceTree = "<group>"; };
		FFE83EED2672623B0063A181 /* Product2DetailView.swift */ = {isa = PBXFileReference; lastKnownFileType = sourcecode.swift; path = Product2DetailView.swift; sourceTree = "<group>"; };
		FFE83EEF267262620063A181 /* Product3DetailView.swift */ = {isa = PBXFileReference; lastKnownFileType = sourcecode.swift; path = Product3DetailView.swift; sourceTree = "<group>"; };
		FFE83EF1267262860063A181 /* Product4DetailView.swift */ = {isa = PBXFileReference; lastKnownFileType = sourcecode.swift; path = Product4DetailView.swift; sourceTree = "<group>"; };
/* End PBXFileReference section */

/* Begin PBXFrameworksBuildPhase section */
		FFE83EB62670F8DE0063A181 /* Frameworks */ = {
			isa = PBXFrameworksBuildPhase;
			buildActionMask = 2147483647;
			files = (
			);
			runOnlyForDeploymentPostprocessing = 0;
		};
/* End PBXFrameworksBuildPhase section */

/* Begin PBXGroup section */
		FFE83EB02670F8DE0063A181 = {
			isa = PBXGroup;
			children = (
				FFE83EE626725BF00063A181 /* Product */,
				FFE83ECB2670FACA0063A181 /* View */,
				FFE83EBB2670F8DE0063A181 /* GoodAsOldPhone */,
				FFE83EBA2670F8DE0063A181 /* Products */,
			);
			sourceTree = "<group>";
		};
		FFE83EBA2670F8DE0063A181 /* Products */ = {
			isa = PBXGroup;
			children = (
				FFE83EB92670F8DE0063A181 /* GoodAsOldPhone.app */,
			);
			name = Products;
			sourceTree = "<group>";
		};
		FFE83EBB2670F8DE0063A181 /* GoodAsOldPhone */ = {
			isa = PBXGroup;
			children = (
				FFE83EBC2670F8DE0063A181 /* GoodAsOldPhoneApp.swift */,
				FFE83EC02670F8DF0063A181 /* Assets.xcassets */,
				FFE83EC52670F8DF0063A181 /* Info.plist */,
				FFE83EC22670F8DF0063A181 /* Preview Content */,
			);
			path = GoodAsOldPhone;
			sourceTree = "<group>";
		};
		FFE83EC22670F8DF0063A181 /* Preview Content */ = {
			isa = PBXGroup;
			children = (
				FFE83EC32670F8DF0063A181 /* Preview Assets.xcassets */,
			);
			path = "Preview Content";
			sourceTree = "<group>";
		};
		FFE83ECB2670FACA0063A181 /* View */ = {
			isa = PBXGroup;
			children = (
				FFE83EBE2670F8DF0063A181 /* ContentView.swift */,
				FFE83ECC2670FAE70063A181 /* ProductView.swift */,
				FFE83ECE2670FAFE0063A181 /* ContactView.swift */,
			);
			path = View;
			sourceTree = "<group>";
		};
		FFE83EE626725BF00063A181 /* Product */ = {
			isa = PBXGroup;
			children = (
				FFE83EE2267247150063A181 /* ProductCell1.swift */,
				FFE83EE7267261710063A181 /* ProductCell2.swift */,
				FFE83EE9267261D70063A181 /* ProductCell3.swift */,
				FFE83EEB267261FF0063A181 /* ProductCell4.swift */,
				FFE83EE4267257460063A181 /* Product1DetailView.swift */,
				FFE83EED2672623B0063A181 /* Product2DetailView.swift */,
				FFE83EEF267262620063A181 /* Product3DetailView.swift */,
				FFE83EF1267262860063A181 /* Product4DetailView.swift */,
			);
			path = Product;
			sourceTree = "<group>";
		};
/* End PBXGroup section */

/* Begin PBXNativeTarget section */
		FFE83EB82670F8DE0063A181 /* GoodAsOldPhone */ = {
			isa = PBXNativeTarget;
			buildConfigurationList = FFE83EC82670F8DF0063A181 /* Build configuration list for PBXNativeTarget "GoodAsOldPhone" */;
			buildPhases = (
				FFE83EB52670F8DE0063A181 /* Sources */,
				FFE83EB62670F8DE0063A181 /* Frameworks */,
				FFE83EB72670F8DE0063A181 /* Resources */,
			);
			buildRules = (
			);
			dependencies = (
			);
			name = GoodAsOldPhone;
			productName = GoodAsOldPhone;
			productReference = FFE83EB92670F8DE0063A181 /* GoodAsOldPhone.app */;
			productType = "com.apple.product-type.application";
		};
/* End PBXNativeTarget section */

/* Begin PBXProject section */
		FFE83EB12670F8DE0063A181 /* Project object */ = {
			isa = PBXProject;
			attributes = {
				LastSwiftUpdateCheck = 1250;
				LastUpgradeCheck = 1250;
				TargetAttributes = {
					FFE83EB82670F8DE0063A181 = {
						CreatedOnToolsVersion = 12.5;
					};
				};
			};
			buildConfigurationList = FFE83EB42670F8DE0063A181 /* Build configuration list for PBXProject "GoodAsOldPhone" */;
			compatibilityVersion = "Xcode 9.3";
			developmentRegion = en;
			hasScannedForEncodings = 0;
			knownRegions = (
				en,
				Base,
			);
			mainGroup = FFE83EB02670F8DE0063A181;
			productRefGroup = FFE83EBA2670F8DE0063A181 /* Products */;
			projectDirPath = "";
			projectRoot = "";
			targets = (
				FFE83EB82670F8DE0063A181 /* GoodAsOldPhone */,
			);
		};
/* End PBXProject section */

/* Begin PBXResourcesBuildPhase section */
		FFE83EB72670F8DE0063A181 /* Resources */ = {
			isa = PBXResourcesBuildPhase;
			buildActionMask = 2147483647;
			files = (
				FFE83EC42670F8DF0063A181 /* Preview Assets.xcassets in Resources */,
				FFE83EC12670F8DF0063A181 /* Assets.xcassets in Resources */,
			);
			runOnlyForDeploymentPostprocessing = 0;
		};
/* End PBXResourcesBuildPhase section */

/* Begin PBXSourcesBuildPhase section */
		FFE83EB52670F8DE0063A181 /* Sources */ = {
			isa = PBXSourcesBuildPhase;
			buildActionMask = 2147483647;
			files = (
				FFE83EEE2672623B0063A181 /* Product2DetailView.swift in Sources */,
				FFE83EE8267261710063A181 /* ProductCell2.swift in Sources */,
				FFE83EF2267262860063A181 /* Product4DetailView.swift in Sources */,
				FFE83EEA267261D70063A181 /* ProductCell3.swift in Sources */,
				FFE83EBF2670F8DF0063A181 /* ContentView.swift in Sources */,
				FFE83EF0267262620063A181 /* Product3DetailView.swift in Sources */,
				FFE83EE5267257460063A181 /* Product1DetailView.swift in Sources */,
				FFE83ECD2670FAE70063A181 /* ProductView.swift in Sources */,
				FFE83EEC267261FF0063A181 /* ProductCell4.swift in Sources */,
				FFE83EE3267247150063A181 /* ProductCell1.swift in Sources */,
				FFE83EBD2670F8DF0063A181 /* GoodAsOldPhoneApp.swift in Sources */,
				FFE83ECF2670FAFE0063A181 /* ContactView.swift in Sources */,
			);
			runOnlyForDeploymentPostprocessing = 0;
		};
/* End PBXSourcesBuildPhase section */

/* Begin XCBuildConfiguration section */
		FFE83EC62670F8DF0063A181 /* Debug */ = {
			isa = XCBuildConfiguration;
			buildSettings = {
				ALWAYS_SEARCH_USER_PATHS = NO;
				CLANG_ANALYZER_NONNULL = YES;
				CLANG_ANALYZER_NUMBER_OBJECT_CONVERSION = YES_AGGRESSIVE;
				CLANG_CXX_LANGUAGE_STANDARD = "gnu++14";
				CLANG_CXX_LIBRARY = "libc++";
				CLANG_ENABLE_MODULES = YES;
				CLANG_ENABLE_OBJC_ARC = YES;
				CLANG_ENABLE_OBJC_WEAK = YES;
				CLANG_WARN_BLOCK_CAPTURE_AUTORELEASING = YES;
				CLANG_WARN_BOOL_CONVERSION = YES;
				CLANG_WARN_COMMA = YES;
				CLANG_WARN_CONSTANT_CONVERSION = YES;
				CLANG_WARN_DEPRECATED_OBJC_IMPLEMENTATIONS = YES;
				CLANG_WARN_DIRECT_OBJC_ISA_USAGE = YES_ERROR;
				CLANG_WARN_DOCUMENTATION_COMMENTS = YES;
				CLANG_WARN_EMPTY_BODY = YES;
				CLANG_WARN_ENUM_CONVERSION = YES;
				CLANG_WARN_INFINITE_RECURSION = YES;
				CLANG_WARN_INT_CONVERSION = YES;
				CLANG_WARN_NON_LITERAL_NULL_CONVERSION = YES;
				CLANG_WARN_OBJC_IMPLICIT_RETAIN_SELF = YES;
				CLANG_WARN_OBJC_LITERAL_CONVERSION = YES;
				CLANG_WARN_OBJC_ROOT_CLASS = YES_ERROR;
				CLANG_WARN_QUOTED_INCLUDE_IN_FRAMEWORK_HEADER = YES;
				CLANG_WARN_RANGE_LOOP_ANALYSIS = YES;
				CLANG_WARN_STRICT_PROTOTYPES = YES;
				CLANG_WARN_SUSPICIOUS_MOVE = YES;
				CLANG_WARN_UNGUARDED_AVAILABILITY = YES_AGGRESSIVE;
				CLANG_WARN_UNREACHABLE_CODE = YES;
				CLANG_WARN__DUPLICATE_METHOD_MATCH = YES;
				COPY_PHASE_STRIP = NO;
				DEBUG_INFORMATION_FORMAT = dwarf;
				ENABLE_STRICT_OBJC_MSGSEND = YES;
				ENABLE_TESTABILITY = YES;
				GCC_C_LANGUAGE_STANDARD = gnu11;
				GCC_DYNAMIC_NO_PIC = NO;
				GCC_NO_COMMON_BLOCKS = YES;
				GCC_OPTIMIZATION_LEVEL = 0;
				GCC_PREPROCESSOR_DEFINITIONS = (
					"DEBUG=1",
					"$(inherited)",
				);
				GCC_WARN_64_TO_32_BIT_CONVERSION = YES;
				GCC_WARN_ABOUT_RETURN_TYPE = YES_ERROR;
				GCC_WARN_UNDECLARED_SELECTOR = YES;
				GCC_WARN_UNINITIALIZED_AUTOS = YES_AGGRESSIVE;
				GCC_WARN_UNUSED_FUNCTION = YES;
				GCC_WARN_UNUSED_VARIABLE = YES;
				IPHONEOS_DEPLOYMENT_TARGET = 14.5;
				MTL_ENABLE_DEBUG_INFO = INCLUDE_SOURCE;
				MTL_FAST_MATH = YES;
				ONLY_ACTIVE_ARCH = YES;
				SDKROOT = iphoneos;
				SWIFT_ACTIVE_COMPILATION_CONDITIONS = DEBUG;
				SWIFT_OPTIMIZATION_LEVEL = "-Onone";
			};
			name = Debug;
		};
		FFE83EC72670F8DF0063A181 /* Release */ = {
			isa = XCBuildConfiguration;
			buildSettings = {
				ALWAYS_SEARCH_USER_PATHS = NO;
				CLANG_ANALYZER_NONNULL = YES;
				CLANG_ANALYZER_NUMBER_OBJECT_CONVERSION = YES_AGGRESSIVE;
				CLANG_CXX_LANGUAGE_STANDARD = "gnu++14";
				CLANG_CXX_LIBRARY = "libc++";
				CLANG_ENABLE_MODULES = YES;
				CLANG_ENABLE_OBJC_ARC = YES;
				CLANG_ENABLE_OBJC_WEAK = YES;
				CLANG_WARN_BLOCK_CAPTURE_AUTORELEASING = YES;
				CLANG_WARN_BOOL_CONVERSION = YES;
				CLANG_WARN_COMMA = YES;
				CLANG_WARN_CONSTANT_CONVERSION = YES;
				CLANG_WARN_DEPRECATED_OBJC_IMPLEMENTATIONS = YES;
				CLANG_WARN_DIRECT_OBJC_ISA_USAGE = YES_ERROR;
				CLANG_WARN_DOCUMENTATION_COMMENTS = YES;
				CLANG_WARN_EMPTY_BODY = YES;
				CLANG_WARN_ENUM_CONVERSION = YES;
				CLANG_WARN_INFINITE_RECURSION = YES;
				CLANG_WARN_INT_CONVERSION = YES;
				CLANG_WARN_NON_LITERAL_NULL_CONVERSION = YES;
				CLANG_WARN_OBJC_IMPLICIT_RETAIN_SELF = YES;
				CLANG_WARN_OBJC_LITERAL_CONVERSION = YES;
				CLANG_WARN_OBJC_ROOT_CLASS = YES_ERROR;
				CLANG_WARN_QUOTED_INCLUDE_IN_FRAMEWORK_HEADER = YES;
				CLANG_WARN_RANGE_LOOP_ANALYSIS = YES;
				CLANG_WARN_STRICT_PROTOTYPES = YES;
				CLANG_WARN_SUSPICIOUS_MOVE = YES;
				CLANG_WARN_UNGUARDED_AVAILABILITY = YES_AGGRESSIVE;
				CLANG_WARN_UNREACHABLE_CODE = YES;
				CLANG_WARN__DUPLICATE_METHOD_MATCH = YES;
				COPY_PHASE_STRIP = NO;
				DEBUG_INFORMATION_FORMAT = "dwarf-with-dsym";
				ENABLE_NS_ASSERTIONS = NO;
				ENABLE_STRICT_OBJC_MSGSEND = YES;
				GCC_C_LANGUAGE_STANDARD = gnu11;
				GCC_NO_COMMON_BLOCKS = YES;
				GCC_WARN_64_TO_32_BIT_CONVERSION = YES;
				GCC_WARN_ABOUT_RETURN_TYPE = YES_ERROR;
				GCC_WARN_UNDECLARED_SELECTOR = YES;
				GCC_WARN_UNINITIALIZED_AUTOS = YES_AGGRESSIVE;
				GCC_WARN_UNUSED_FUNCTION = YES;
				GCC_WARN_UNUSED_VARIABLE = YES;
				IPHONEOS_DEPLOYMENT_TARGET = 14.5;
				MTL_ENABLE_DEBUG_INFO = NO;
				MTL_FAST_MATH = YES;
				SDKROOT = iphoneos;
				SWIFT_COMPILATION_MODE = wholemodule;
				SWIFT_OPTIMIZATION_LEVEL = "-O";
				VALIDATE_PRODUCT = YES;
			};
			name = Release;
		};
		FFE83EC92670F8DF0063A181 /* Debug */ = {
			isa = XCBuildConfiguration;
			buildSettings = {
				ASSETCATALOG_COMPILER_APPICON_NAME = AppIcon;
				ASSETCATALOG_COMPILER_GLOBAL_ACCENT_COLOR_NAME = AccentColor;
				CODE_SIGN_STYLE = Automatic;
				DEVELOPMENT_ASSET_PATHS = "\"GoodAsOldPhone/Preview Content\"";
				DEVELOPMENT_TEAM = H3V637RY5A;
				ENABLE_PREVIEWS = YES;
				INFOPLIST_FILE = GoodAsOldPhone/Info.plist;
				IPHONEOS_DEPLOYMENT_TARGET = 14.0;
				LD_RUNPATH_SEARCH_PATHS = (
					"$(inherited)",
					"@executable_path/Frameworks",
				);
				PRODUCT_BUNDLE_IDENTIFIER = kr.yeonpark.GoodAsOldPhone;
				PRODUCT_NAME = "$(TARGET_NAME)";
				SWIFT_VERSION = 5.0;
				TARGETED_DEVICE_FAMILY = "1,2";
			};
			name = Debug;
		};
		FFE83ECA2670F8DF0063A181 /* Release */ = {
			isa = XCBuildConfiguration;
			buildSettings = {
				ASSETCATALOG_COMPILER_APPICON_NAME = AppIcon;
				ASSETCATALOG_COMPILER_GLOBAL_ACCENT_COLOR_NAME = AccentColor;
				CODE_SIGN_STYLE = Automatic;
				DEVELOPMENT_ASSET_PATHS = "\"GoodAsOldPhone/Preview Content\"";
				DEVELOPMENT_TEAM = H3V637RY5A;
				ENABLE_PREVIEWS = YES;
				INFOPLIST_FILE = GoodAsOldPhone/Info.plist;
				IPHONEOS_DEPLOYMENT_TARGET = 14.0;
				LD_RUNPATH_SEARCH_PATHS = (
					"$(inherited)",
					"@executable_path/Frameworks",
				);
				PRODUCT_BUNDLE_IDENTIFIER = kr.yeonpark.GoodAsOldPhone;
				PRODUCT_NAME = "$(TARGET_NAME)";
				SWIFT_VERSION = 5.0;
				TARGETED_DEVICE_FAMILY = "1,2";
			};
			name = Release;
		};
/* End XCBuildConfiguration section */

/* Begin XCConfigurationList section */
		FFE83EB42670F8DE0063A181 /* Build configuration list for PBXProject "GoodAsOldPhone" */ = {
			isa = XCConfigurationList;
			buildConfigurations = (
				FFE83EC62670F8DF0063A181 /* Debug */,
				FFE83EC72670F8DF0063A181 /* Release */,
			);
			defaultConfigurationIsVisible = 0;
			defaultConfigurationName = Release;
		};
		FFE83EC82670F8DF0063A181 /* Build configuration list for PBXNativeTarget "GoodAsOldPhone" */ = {
			isa = XCConfigurationList;
			buildConfigurations = (
				FFE83EC92670F8DF0063A181 /* Debug */,
				FFE83ECA2670F8DF0063A181 /* Release */,
			);
			defaultConfigurationIsVisible = 0;
			defaultConfigurationName = Release;
		};
/* End XCConfigurationList section */
	};
	rootObject = FFE83EB12670F8DE0063A181 /* Project object */;
}
