// !$*UTF8*$!
{
	archiveVersion = 1;
	classes = {
	};
	objectVersion = 50;
	objects = {

/* Begin PBXBuildFile section */
		FF0D08EE2677BB1900BE31C0 /* FaceBookMeSwiftUIApp.swift in Sources */ = {isa = PBXBuildFile; fileRef = FF0D08ED2677BB1900BE31C0 /* FaceBookMeSwiftUIApp.swift */; };
		FF0D08F02677BB1900BE31C0 /* ContentView.swift in Sources */ = {isa = PBXBuildFile; fileRef = FF0D08EF2677BB1900BE31C0 /* ContentView.swift */; };
		FF0D08F22677BB1B00BE31C0 /* Assets.xcassets in Resources */ = {isa = PBXBuildFile; fileRef = FF0D08F12677BB1B00BE31C0 /* Assets.xcassets */; };
		FF0D08F52677BB1B00BE31C0 /* Preview Assets.xcassets in Resources */ = {isa = PBXBuildFile; fileRef = FF0D08F42677BB1B00BE31C0 /* Preview Assets.xcassets */; };
		FF0D09032677BD2400BE31C0 /* ProfileCell.swift in Sources */ = {isa = PBXBuildFile; fileRef = FF0D09022677BD2400BE31C0 /* ProfileCell.swift */; };
		FF0D09052677C02D00BE31C0 /* CellInfo.swift in Sources */ = {isa = PBXBuildFile; fileRef = FF0D09042677C02D00BE31C0 /* CellInfo.swift */; };
		FF0D09072677C4BD00BE31C0 /* ViewCellRow.swift in Sources */ = {isa = PBXBuildFile; fileRef = FF0D09062677C4BD00BE31C0 /* ViewCellRow.swift */; };
		FF0D090A26786FDB00BE31C0 /* NavigationBarColor.swift in Sources */ = {isa = PBXBuildFile; fileRef = FF0D090926786FDB00BE31C0 /* NavigationBarColor.swift */; };
		FF0D090C267897FF00BE31C0 /* LinkCell.swift in Sources */ = {isa = PBXBuildFile; fileRef = FF0D090B267897FF00BE31C0 /* LinkCell.swift */; };
/* End PBXBuildFile section */

/* Begin PBXFileReference section */
		FF0D08EA2677BB1900BE31C0 /* FaceBookMeSwiftUI.app */ = {isa = PBXFileReference; explicitFileType = wrapper.application; includeInIndex = 0; path = FaceBookMeSwiftUI.app; sourceTree = BUILT_PRODUCTS_DIR; };
		FF0D08ED2677BB1900BE31C0 /* FaceBookMeSwiftUIApp.swift */ = {isa = PBXFileReference; lastKnownFileType = sourcecode.swift; path = FaceBookMeSwiftUIApp.swift; sourceTree = "<group>"; };
		FF0D08EF2677BB1900BE31C0 /* ContentView.swift */ = {isa = PBXFileReference; lastKnownFileType = sourcecode.swift; path = ContentView.swift; sourceTree = "<group>"; };
		FF0D08F12677BB1B00BE31C0 /* Assets.xcassets */ = {isa = PBXFileReference; lastKnownFileType = folder.assetcatalog; path = Assets.xcassets; sourceTree = "<group>"; };
		FF0D08F42677BB1B00BE31C0 /* Preview Assets.xcassets */ = {isa = PBXFileReference; lastKnownFileType = folder.assetcatalog; path = "Preview Assets.xcassets"; sourceTree = "<group>"; };
		FF0D08F62677BB1B00BE31C0 /* Info.plist */ = {isa = PBXFileReference; lastKnownFileType = text.plist.xml; path = Info.plist; sourceTree = "<group>"; };
		FF0D09022677BD2400BE31C0 /* ProfileCell.swift */ = {isa = PBXFileReference; lastKnownFileType = sourcecode.swift; path = ProfileCell.swift; sourceTree = "<group>"; };
		FF0D09042677C02D00BE31C0 /* CellInfo.swift */ = {isa = PBXFileReference; lastKnownFileType = sourcecode.swift; path = CellInfo.swift; sourceTree = "<group>"; };
		FF0D09062677C4BD00BE31C0 /* ViewCellRow.swift */ = {isa = PBXFileReference; lastKnownFileType = sourcecode.swift; path = ViewCellRow.swift; sourceTree = "<group>"; };
		FF0D090926786FDB00BE31C0 /* NavigationBarColor.swift */ = {isa = PBXFileReference; lastKnownFileType = sourcecode.swift; path = NavigationBarColor.swift; sourceTree = "<group>"; };
		FF0D090B267897FF00BE31C0 /* LinkCell.swift */ = {isa = PBXFileReference; lastKnownFileType = sourcecode.swift; path = LinkCell.swift; sourceTree = "<group>"; };
/* End PBXFileReference section */

/* Begin PBXFrameworksBuildPhase section */
		FF0D08E72677BB1900BE31C0 /* Frameworks */ = {
			isa = PBXFrameworksBuildPhase;
			buildActionMask = 2147483647;
			files = (
			);
			runOnlyForDeploymentPostprocessing = 0;
		};
/* End PBXFrameworksBuildPhase section */

/* Begin PBXGroup section */
		FF0D08E12677BB1900BE31C0 = {
			isa = PBXGroup;
			children = (
				FF0D08EC2677BB1900BE31C0 /* FaceBookMeSwiftUI */,
				FF0D08EB2677BB1900BE31C0 /* Products */,
			);
			sourceTree = "<group>";
		};
		FF0D08EB2677BB1900BE31C0 /* Products */ = {
			isa = PBXGroup;
			children = (
				FF0D08EA2677BB1900BE31C0 /* FaceBookMeSwiftUI.app */,
			);
			name = Products;
			sourceTree = "<group>";
		};
		FF0D08EC2677BB1900BE31C0 /* FaceBookMeSwiftUI */ = {
			isa = PBXGroup;
			children = (
				FF0D090826786FC600BE31C0 /* Util */,
				FF0D08FD2677BB3600BE31C0 /* Model */,
				FF0D08FC2677BB2F00BE31C0 /* View */,
				FF0D08ED2677BB1900BE31C0 /* FaceBookMeSwiftUIApp.swift */,
				FF0D08EF2677BB1900BE31C0 /* ContentView.swift */,
				FF0D08F12677BB1B00BE31C0 /* Assets.xcassets */,
				FF0D08F62677BB1B00BE31C0 /* Info.plist */,
				FF0D08F32677BB1B00BE31C0 /* Preview Content */,
			);
			path = FaceBookMeSwiftUI;
			sourceTree = "<group>";
		};
		FF0D08F32677BB1B00BE31C0 /* Preview Content */ = {
			isa = PBXGroup;
			children = (
				FF0D08F42677BB1B00BE31C0 /* Preview Assets.xcassets */,
			);
			path = "Preview Content";
			sourceTree = "<group>";
		};
		FF0D08FC2677BB2F00BE31C0 /* View */ = {
			isa = PBXGroup;
			children = (
				FF0D09022677BD2400BE31C0 /* ProfileCell.swift */,
				FF0D09062677C4BD00BE31C0 /* ViewCellRow.swift */,
				FF0D090B267897FF00BE31C0 /* LinkCell.swift */,
			);
			path = View;
			sourceTree = "<group>";
		};
		FF0D08FD2677BB3600BE31C0 /* Model */ = {
			isa = PBXGroup;
			children = (
				FF0D09042677C02D00BE31C0 /* CellInfo.swift */,
			);
			path = Model;
			sourceTree = "<group>";
		};
		FF0D090826786FC600BE31C0 /* Util */ = {
			isa = PBXGroup;
			children = (
				FF0D090926786FDB00BE31C0 /* NavigationBarColor.swift */,
			);
			path = Util;
			sourceTree = "<group>";
		};
/* End PBXGroup section */

/* Begin PBXNativeTarget section */
		FF0D08E92677BB1900BE31C0 /* FaceBookMeSwiftUI */ = {
			isa = PBXNativeTarget;
			buildConfigurationList = FF0D08F92677BB1B00BE31C0 /* Build configuration list for PBXNativeTarget "FaceBookMeSwiftUI" */;
			buildPhases = (
				FF0D08E62677BB1900BE31C0 /* Sources */,
				FF0D08E72677BB1900BE31C0 /* Frameworks */,
				FF0D08E82677BB1900BE31C0 /* Resources */,
			);
			buildRules = (
			);
			dependencies = (
			);
			name = FaceBookMeSwiftUI;
			productName = FaceBookMeSwiftUI;
			productReference = FF0D08EA2677BB1900BE31C0 /* FaceBookMeSwiftUI.app */;
			productType = "com.apple.product-type.application";
		};
/* End PBXNativeTarget section */

/* Begin PBXProject section */
		FF0D08E22677BB1900BE31C0 /* Project object */ = {
			isa = PBXProject;
			attributes = {
				LastSwiftUpdateCheck = 1250;
				LastUpgradeCheck = 1250;
				TargetAttributes = {
					FF0D08E92677BB1900BE31C0 = {
						CreatedOnToolsVersion = 12.5;
					};
				};
			};
			buildConfigurationList = FF0D08E52677BB1900BE31C0 /* Build configuration list for PBXProject "FaceBookMeSwiftUI" */;
			compatibilityVersion = "Xcode 9.3";
			developmentRegion = en;
			hasScannedForEncodings = 0;
			knownRegions = (
				en,
				Base,
			);
			mainGroup = FF0D08E12677BB1900BE31C0;
			productRefGroup = FF0D08EB2677BB1900BE31C0 /* Products */;
			projectDirPath = "";
			projectRoot = "";
			targets = (
				FF0D08E92677BB1900BE31C0 /* FaceBookMeSwiftUI */,
			);
		};
/* End PBXProject section */

/* Begin PBXResourcesBuildPhase section */
		FF0D08E82677BB1900BE31C0 /* Resources */ = {
			isa = PBXResourcesBuildPhase;
			buildActionMask = 2147483647;
			files = (
				FF0D08F52677BB1B00BE31C0 /* Preview Assets.xcassets in Resources */,
				FF0D08F22677BB1B00BE31C0 /* Assets.xcassets in Resources */,
			);
			runOnlyForDeploymentPostprocessing = 0;
		};
/* End PBXResourcesBuildPhase section */

/* Begin PBXSourcesBuildPhase section */
		FF0D08E62677BB1900BE31C0 /* Sources */ = {
			isa = PBXSourcesBuildPhase;
			buildActionMask = 2147483647;
			files = (
				FF0D09072677C4BD00BE31C0 /* ViewCellRow.swift in Sources */,
				FF0D090A26786FDB00BE31C0 /* NavigationBarColor.swift in Sources */,
				FF0D09032677BD2400BE31C0 /* ProfileCell.swift in Sources */,
				FF0D08F02677BB1900BE31C0 /* ContentView.swift in Sources */,
				FF0D09052677C02D00BE31C0 /* CellInfo.swift in Sources */,
				FF0D08EE2677BB1900BE31C0 /* FaceBookMeSwiftUIApp.swift in Sources */,
				FF0D090C267897FF00BE31C0 /* LinkCell.swift in Sources */,
			);
			runOnlyForDeploymentPostprocessing = 0;
		};
/* End PBXSourcesBuildPhase section */

/* Begin XCBuildConfiguration section */
		FF0D08F72677BB1B00BE31C0 /* Debug */ = {
			isa = XCBuildConfiguration;
			buildSettings = {
				ALWAYS_SEARCH_USER_PATHS = NO;
				CLANG_ANALYZER_NONNULL = YES;
				CLANG_ANALYZER_NUMBER_OBJECT_CONVERSION = YES_AGGRESSIVE;
				CLANG_CXX_LANGUAGE_STANDARD = "gnu++14";
				CLANG_CXX_LIBRARY = "libc++";
				CLANG_ENABLE_MODULES = YES;
				CLANG_ENABLE_OBJC_ARC = YES;
				CLANG_ENABLE_OBJC_WEAK = YES;
				CLANG_WARN_BLOCK_CAPTURE_AUTORELEASING = YES;
				CLANG_WARN_BOOL_CONVERSION = YES;
				CLANG_WARN_COMMA = YES;
				CLANG_WARN_CONSTANT_CONVERSION = YES;
				CLANG_WARN_DEPRECATED_OBJC_IMPLEMENTATIONS = YES;
				CLANG_WARN_DIRECT_OBJC_ISA_USAGE = YES_ERROR;
				CLANG_WARN_DOCUMENTATION_COMMENTS = YES;
				CLANG_WARN_EMPTY_BODY = YES;
				CLANG_WARN_ENUM_CONVERSION = YES;
				CLANG_WARN_INFINITE_RECURSION = YES;
				CLANG_WARN_INT_CONVERSION = YES;
				CLANG_WARN_NON_LITERAL_NULL_CONVERSION = YES;
				CLANG_WARN_OBJC_IMPLICIT_RETAIN_SELF = YES;
				CLANG_WARN_OBJC_LITERAL_CONVERSION = YES;
				CLANG_WARN_OBJC_ROOT_CLASS = YES_ERROR;
				CLANG_WARN_QUOTED_INCLUDE_IN_FRAMEWORK_HEADER = YES;
				CLANG_WARN_RANGE_LOOP_ANALYSIS = YES;
				CLANG_WARN_STRICT_PROTOTYPES = YES;
				CLANG_WARN_SUSPICIOUS_MOVE = YES;
				CLANG_WARN_UNGUARDED_AVAILABILITY = YES_AGGRESSIVE;
				CLANG_WARN_UNREACHABLE_CODE = YES;
				CLANG_WARN__DUPLICATE_METHOD_MATCH = YES;
				COPY_PHASE_STRIP = NO;
				DEBUG_INFORMATION_FORMAT = dwarf;
				ENABLE_STRICT_OBJC_MSGSEND = YES;
				ENABLE_TESTABILITY = YES;
				GCC_C_LANGUAGE_STANDARD = gnu11;
				GCC_DYNAMIC_NO_PIC = NO;
				GCC_NO_COMMON_BLOCKS = YES;
				GCC_OPTIMIZATION_LEVEL = 0;
				GCC_PREPROCESSOR_DEFINITIONS = (
					"DEBUG=1",
					"$(inherited)",
				);
				GCC_WARN_64_TO_32_BIT_CONVERSION = YES;
				GCC_WARN_ABOUT_RETURN_TYPE = YES_ERROR;
				GCC_WARN_UNDECLARED_SELECTOR = YES;
				GCC_WARN_UNINITIALIZED_AUTOS = YES_AGGRESSIVE;
				GCC_WARN_UNUSED_FUNCTION = YES;
				GCC_WARN_UNUSED_VARIABLE = YES;
				IPHONEOS_DEPLOYMENT_TARGET = 14.5;
				MTL_ENABLE_DEBUG_INFO = INCLUDE_SOURCE;
				MTL_FAST_MATH = YES;
				ONLY_ACTIVE_ARCH = YES;
				SDKROOT = iphoneos;
				SWIFT_ACTIVE_COMPILATION_CONDITIONS = DEBUG;
				SWIFT_OPTIMIZATION_LEVEL = "-Onone";
			};
			name = Debug;
		};
		FF0D08F82677BB1B00BE31C0 /* Release */ = {
			isa = XCBuildConfiguration;
			buildSettings = {
				ALWAYS_SEARCH_USER_PATHS = NO;
				CLANG_ANALYZER_NONNULL = YES;
				CLANG_ANALYZER_NUMBER_OBJECT_CONVERSION = YES_AGGRESSIVE;
				CLANG_CXX_LANGUAGE_STANDARD = "gnu++14";
				CLANG_CXX_LIBRARY = "libc++";
				CLANG_ENABLE_MODULES = YES;
				CLANG_ENABLE_OBJC_ARC = YES;
				CLANG_ENABLE_OBJC_WEAK = YES;
				CLANG_WARN_BLOCK_CAPTURE_AUTORELEASING = YES;
				CLANG_WARN_BOOL_CONVERSION = YES;
				CLANG_WARN_COMMA = YES;
				CLANG_WARN_CONSTANT_CONVERSION = YES;
				CLANG_WARN_DEPRECATED_OBJC_IMPLEMENTATIONS = YES;
				CLANG_WARN_DIRECT_OBJC_ISA_USAGE = YES_ERROR;
				CLANG_WARN_DOCUMENTATION_COMMENTS = YES;
				CLANG_WARN_EMPTY_BODY = YES;
				CLANG_WARN_ENUM_CONVERSION = YES;
				CLANG_WARN_INFINITE_RECURSION = YES;
				CLANG_WARN_INT_CONVERSION = YES;
				CLANG_WARN_NON_LITERAL_NULL_CONVERSION = YES;
				CLANG_WARN_OBJC_IMPLICIT_RETAIN_SELF = YES;
				CLANG_WARN_OBJC_LITERAL_CONVERSION = YES;
				CLANG_WARN_OBJC_ROOT_CLASS = YES_ERROR;
				CLANG_WARN_QUOTED_INCLUDE_IN_FRAMEWORK_HEADER = YES;
				CLANG_WARN_RANGE_LOOP_ANALYSIS = YES;
				CLANG_WARN_STRICT_PROTOTYPES = YES;
				CLANG_WARN_SUSPICIOUS_MOVE = YES;
				CLANG_WARN_UNGUARDED_AVAILABILITY = YES_AGGRESSIVE;
				CLANG_WARN_UNREACHABLE_CODE = YES;
				CLANG_WARN__DUPLICATE_METHOD_MATCH = YES;
				COPY_PHASE_STRIP = NO;
				DEBUG_INFORMATION_FORMAT = "dwarf-with-dsym";
				ENABLE_NS_ASSERTIONS = NO;
				ENABLE_STRICT_OBJC_MSGSEND = YES;
				GCC_C_LANGUAGE_STANDARD = gnu11;
				GCC_NO_COMMON_BLOCKS = YES;
				GCC_WARN_64_TO_32_BIT_CONVERSION = YES;
				GCC_WARN_ABOUT_RETURN_TYPE = YES_ERROR;
				GCC_WARN_UNDECLARED_SELECTOR = YES;
				GCC_WARN_UNINITIALIZED_AUTOS = YES_AGGRESSIVE;
				GCC_WARN_UNUSED_FUNCTION = YES;
				GCC_WARN_UNUSED_VARIABLE = YES;
				IPHONEOS_DEPLOYMENT_TARGET = 14.5;
				MTL_ENABLE_DEBUG_INFO = NO;
				MTL_FAST_MATH = YES;
				SDKROOT = iphoneos;
				SWIFT_COMPILATION_MODE = wholemodule;
				SWIFT_OPTIMIZATION_LEVEL = "-O";
				VALIDATE_PRODUCT = YES;
			};
			name = Release;
		};
		FF0D08FA2677BB1B00BE31C0 /* Debug */ = {
			isa = XCBuildConfiguration;
			buildSettings = {
				ASSETCATALOG_COMPILER_APPICON_NAME = AppIcon;
				ASSETCATALOG_COMPILER_GLOBAL_ACCENT_COLOR_NAME = AccentColor;
				CODE_SIGN_STYLE = Automatic;
				DEVELOPMENT_ASSET_PATHS = "\"FaceBookMeSwiftUI/Preview Content\"";
				DEVELOPMENT_TEAM = H3V637RY5A;
				ENABLE_PREVIEWS = YES;
				INFOPLIST_FILE = FaceBookMeSwiftUI/Info.plist;
				IPHONEOS_DEPLOYMENT_TARGET = 14.0;
				LD_RUNPATH_SEARCH_PATHS = (
					"$(inherited)",
					"@executable_path/Frameworks",
				);
				PRODUCT_BUNDLE_IDENTIFIER = kr.yeonpark.FaceBookMeSwiftUI;
				PRODUCT_NAME = "$(TARGET_NAME)";
				SWIFT_VERSION = 5.0;
				TARGETED_DEVICE_FAMILY = "1,2";
			};
			name = Debug;
		};
		FF0D08FB2677BB1B00BE31C0 /* Release */ = {
			isa = XCBuildConfiguration;
			buildSettings = {
				ASSETCATALOG_COMPILER_APPICON_NAME = AppIcon;
				ASSETCATALOG_COMPILER_GLOBAL_ACCENT_COLOR_NAME = AccentColor;
				CODE_SIGN_STYLE = Automatic;
				DEVELOPMENT_ASSET_PATHS = "\"FaceBookMeSwiftUI/Preview Content\"";
				DEVELOPMENT_TEAM = H3V637RY5A;
				ENABLE_PREVIEWS = YES;
				INFOPLIST_FILE = FaceBookMeSwiftUI/Info.plist;
				IPHONEOS_DEPLOYMENT_TARGET = 14.0;
				LD_RUNPATH_SEARCH_PATHS = (
					"$(inherited)",
					"@executable_path/Frameworks",
				);
				PRODUCT_BUNDLE_IDENTIFIER = kr.yeonpark.FaceBookMeSwiftUI;
				PRODUCT_NAME = "$(TARGET_NAME)";
				SWIFT_VERSION = 5.0;
				TARGETED_DEVICE_FAMILY = "1,2";
			};
			name = Release;
		};
/* End XCBuildConfiguration section */

/* Begin XCConfigurationList section */
		FF0D08E52677BB1900BE31C0 /* Build configuration list for PBXProject "FaceBookMeSwiftUI" */ = {
			isa = XCConfigurationList;
			buildConfigurations = (
				FF0D08F72677BB1B00BE31C0 /* Debug */,
				FF0D08F82677BB1B00BE31C0 /* Release */,
			);
			defaultConfigurationIsVisible = 0;
			defaultConfigurationName = Release;
		};
		FF0D08F92677BB1B00BE31C0 /* Build configuration list for PBXNativeTarget "FaceBookMeSwiftUI" */ = {
			isa = XCConfigurationList;
			buildConfigurations = (
				FF0D08FA2677BB1B00BE31C0 /* Debug */,
				FF0D08FB2677BB1B00BE31C0 /* Release */,
			);
			defaultConfigurationIsVisible = 0;
			defaultConfigurationName = Release;
		};
/* End XCConfigurationList section */
	};
	rootObject = FF0D08E22677BB1900BE31C0 /* Project object */;
}
