// !$*UTF8*$!
{
	archiveVersion = 1;
	classes = {
	};
	objectVersion = 50;
	objects = {

/* Begin PBXBuildFile section */
		FF740445266DD59D00E87E13 /* AppDelegate.swift in Sources */ = {isa = PBXBuildFile; fileRef = FF740444266DD59D00E87E13 /* AppDelegate.swift */; };
		FF740447266DD59D00E87E13 /* SceneDelegate.swift in Sources */ = {isa = PBXBuildFile; fileRef = FF740446266DD59D00E87E13 /* SceneDelegate.swift */; };
		FF740449266DD59D00E87E13 /* ViewController.swift in Sources */ = {isa = PBXBuildFile; fileRef = FF740448266DD59D00E87E13 /* ViewController.swift */; };
		FF74044C266DD59D00E87E13 /* Main.storyboard in Resources */ = {isa = PBXBuildFile; fileRef = FF74044A266DD59D00E87E13 /* Main.storyboard */; };
		FF74044E266DD59F00E87E13 /* Assets.xcassets in Resources */ = {isa = PBXBuildFile; fileRef = FF74044D266DD59F00E87E13 /* Assets.xcassets */; };
		FF740451266DD59F00E87E13 /* LaunchScreen.storyboard in Resources */ = {isa = PBXBuildFile; fileRef = FF74044F266DD59F00E87E13 /* LaunchScreen.storyboard */; };
		FF740459266F625C00E87E13 /* CreditViewController.swift in Sources */ = {isa = PBXBuildFile; fileRef = FF740458266F625C00E87E13 /* CreditViewController.swift */; };
/* End PBXBuildFile section */

/* Begin PBXFileReference section */
		FF740441266DD59D00E87E13 /* RandomTargetNumber.app */ = {isa = PBXFileReference; explicitFileType = wrapper.application; includeInIndex = 0; path = RandomTargetNumber.app; sourceTree = BUILT_PRODUCTS_DIR; };
		FF740444266DD59D00E87E13 /* AppDelegate.swift */ = {isa = PBXFileReference; lastKnownFileType = sourcecode.swift; path = AppDelegate.swift; sourceTree = "<group>"; };
		FF740446266DD59D00E87E13 /* SceneDelegate.swift */ = {isa = PBXFileReference; lastKnownFileType = sourcecode.swift; path = SceneDelegate.swift; sourceTree = "<group>"; };
		FF740448266DD59D00E87E13 /* ViewController.swift */ = {isa = PBXFileReference; lastKnownFileType = sourcecode.swift; path = ViewController.swift; sourceTree = "<group>"; };
		FF74044B266DD59D00E87E13 /* Base */ = {isa = PBXFileReference; lastKnownFileType = file.storyboard; name = Base; path = Base.lproj/Main.storyboard; sourceTree = "<group>"; };
		FF74044D266DD59F00E87E13 /* Assets.xcassets */ = {isa = PBXFileReference; lastKnownFileType = folder.assetcatalog; path = Assets.xcassets; sourceTree = "<group>"; };
		FF740450266DD59F00E87E13 /* Base */ = {isa = PBXFileReference; lastKnownFileType = file.storyboard; name = Base; path = Base.lproj/LaunchScreen.storyboard; sourceTree = "<group>"; };
		FF740452266DD59F00E87E13 /* Info.plist */ = {isa = PBXFileReference; lastKnownFileType = text.plist.xml; path = Info.plist; sourceTree = "<group>"; };
		FF740458266F625C00E87E13 /* CreditViewController.swift */ = {isa = PBXFileReference; lastKnownFileType = sourcecode.swift; path = CreditViewController.swift; sourceTree = "<group>"; };
/* End PBXFileReference section */

/* Begin PBXFrameworksBuildPhase section */
		FF74043E266DD59D00E87E13 /* Frameworks */ = {
			isa = PBXFrameworksBuildPhase;
			buildActionMask = 2147483647;
			files = (
			);
			runOnlyForDeploymentPostprocessing = 0;
		};
/* End PBXFrameworksBuildPhase section */

/* Begin PBXGroup section */
		FF740438266DD59D00E87E13 = {
			isa = PBXGroup;
			children = (
				FF740443266DD59D00E87E13 /* RandomTargetNumber */,
				FF740442266DD59D00E87E13 /* Products */,
			);
			sourceTree = "<group>";
		};
		FF740442266DD59D00E87E13 /* Products */ = {
			isa = PBXGroup;
			children = (
				FF740441266DD59D00E87E13 /* RandomTargetNumber.app */,
			);
			name = Products;
			sourceTree = "<group>";
		};
		FF740443266DD59D00E87E13 /* RandomTargetNumber */ = {
			isa = PBXGroup;
			children = (
				FF740444266DD59D00E87E13 /* AppDelegate.swift */,
				FF740446266DD59D00E87E13 /* SceneDelegate.swift */,
				FF740448266DD59D00E87E13 /* ViewController.swift */,
				FF740458266F625C00E87E13 /* CreditViewController.swift */,
				FF74044A266DD59D00E87E13 /* Main.storyboard */,
				FF74044D266DD59F00E87E13 /* Assets.xcassets */,
				FF74044F266DD59F00E87E13 /* LaunchScreen.storyboard */,
				FF740452266DD59F00E87E13 /* Info.plist */,
			);
			path = RandomTargetNumber;
			sourceTree = "<group>";
		};
/* End PBXGroup section */

/* Begin PBXNativeTarget section */
		FF740440266DD59D00E87E13 /* RandomTargetNumber */ = {
			isa = PBXNativeTarget;
			buildConfigurationList = FF740455266DD59F00E87E13 /* Build configuration list for PBXNativeTarget "RandomTargetNumber" */;
			buildPhases = (
				FF74043D266DD59D00E87E13 /* Sources */,
				FF74043E266DD59D00E87E13 /* Frameworks */,
				FF74043F266DD59D00E87E13 /* Resources */,
			);
			buildRules = (
			);
			dependencies = (
			);
			name = RandomTargetNumber;
			productName = RandomTargetNumber;
			productReference = FF740441266DD59D00E87E13 /* RandomTargetNumber.app */;
			productType = "com.apple.product-type.application";
		};
/* End PBXNativeTarget section */

/* Begin PBXProject section */
		FF740439266DD59D00E87E13 /* Project object */ = {
			isa = PBXProject;
			attributes = {
				LastSwiftUpdateCheck = 1250;
				LastUpgradeCheck = 1250;
				TargetAttributes = {
					FF740440266DD59D00E87E13 = {
						CreatedOnToolsVersion = 12.5;
					};
				};
			};
			buildConfigurationList = FF74043C266DD59D00E87E13 /* Build configuration list for PBXProject "RandomTargetNumber" */;
			compatibilityVersion = "Xcode 9.3";
			developmentRegion = en;
			hasScannedForEncodings = 0;
			knownRegions = (
				en,
				Base,
			);
			mainGroup = FF740438266DD59D00E87E13;
			productRefGroup = FF740442266DD59D00E87E13 /* Products */;
			projectDirPath = "";
			projectRoot = "";
			targets = (
				FF740440266DD59D00E87E13 /* RandomTargetNumber */,
			);
		};
/* End PBXProject section */

/* Begin PBXResourcesBuildPhase section */
		FF74043F266DD59D00E87E13 /* Resources */ = {
			isa = PBXResourcesBuildPhase;
			buildActionMask = 2147483647;
			files = (
				FF740451266DD59F00E87E13 /* LaunchScreen.storyboard in Resources */,
				FF74044E266DD59F00E87E13 /* Assets.xcassets in Resources */,
				FF74044C266DD59D00E87E13 /* Main.storyboard in Resources */,
			);
			runOnlyForDeploymentPostprocessing = 0;
		};
/* End PBXResourcesBuildPhase section */

/* Begin PBXSourcesBuildPhase section */
		FF74043D266DD59D00E87E13 /* Sources */ = {
			isa = PBXSourcesBuildPhase;
			buildActionMask = 2147483647;
			files = (
				FF740449266DD59D00E87E13 /* ViewController.swift in Sources */,
				FF740445266DD59D00E87E13 /* AppDelegate.swift in Sources */,
				FF740447266DD59D00E87E13 /* SceneDelegate.swift in Sources */,
				FF740459266F625C00E87E13 /* CreditViewController.swift in Sources */,
			);
			runOnlyForDeploymentPostprocessing = 0;
		};
/* End PBXSourcesBuildPhase section */

/* Begin PBXVariantGroup section */
		FF74044A266DD59D00E87E13 /* Main.storyboard */ = {
			isa = PBXVariantGroup;
			children = (
				FF74044B266DD59D00E87E13 /* Base */,
			);
			name = Main.storyboard;
			sourceTree = "<group>";
		};
		FF74044F266DD59F00E87E13 /* LaunchScreen.storyboard */ = {
			isa = PBXVariantGroup;
			children = (
				FF740450266DD59F00E87E13 /* Base */,
			);
			name = LaunchScreen.storyboard;
			sourceTree = "<group>";
		};
/* End PBXVariantGroup section */

/* Begin XCBuildConfiguration section */
		FF740453266DD59F00E87E13 /* Debug */ = {
			isa = XCBuildConfiguration;
			buildSettings = {
				ALWAYS_SEARCH_USER_PATHS = NO;
				CLANG_ANALYZER_NONNULL = YES;
				CLANG_ANALYZER_NUMBER_OBJECT_CONVERSION = YES_AGGRESSIVE;
				CLANG_CXX_LANGUAGE_STANDARD = "gnu++14";
				CLANG_CXX_LIBRARY = "libc++";
				CLANG_ENABLE_MODULES = YES;
				CLANG_ENABLE_OBJC_ARC = YES;
				CLANG_ENABLE_OBJC_WEAK = YES;
				CLANG_WARN_BLOCK_CAPTURE_AUTORELEASING = YES;
				CLANG_WARN_BOOL_CONVERSION = YES;
				CLANG_WARN_COMMA = YES;
				CLANG_WARN_CONSTANT_CONVERSION = YES;
				CLANG_WARN_DEPRECATED_OBJC_IMPLEMENTATIONS = YES;
				CLANG_WARN_DIRECT_OBJC_ISA_USAGE = YES_ERROR;
				CLANG_WARN_DOCUMENTATION_COMMENTS = YES;
				CLANG_WARN_EMPTY_BODY = YES;
				CLANG_WARN_ENUM_CONVERSION = YES;
				CLANG_WARN_INFINITE_RECURSION = YES;
				CLANG_WARN_INT_CONVERSION = YES;
				CLANG_WARN_NON_LITERAL_NULL_CONVERSION = YES;
				CLANG_WARN_OBJC_IMPLICIT_RETAIN_SELF = YES;
				CLANG_WARN_OBJC_LITERAL_CONVERSION = YES;
				CLANG_WARN_OBJC_ROOT_CLASS = YES_ERROR;
				CLANG_WARN_QUOTED_INCLUDE_IN_FRAMEWORK_HEADER = YES;
				CLANG_WARN_RANGE_LOOP_ANALYSIS = YES;
				CLANG_WARN_STRICT_PROTOTYPES = YES;
				CLANG_WARN_SUSPICIOUS_MOVE = YES;
				CLANG_WARN_UNGUARDED_AVAILABILITY = YES_AGGRESSIVE;
				CLANG_WARN_UNREACHABLE_CODE = YES;
				CLANG_WARN__DUPLICATE_METHOD_MATCH = YES;
				COPY_PHASE_STRIP = NO;
				DEBUG_INFORMATION_FORMAT = dwarf;
				ENABLE_STRICT_OBJC_MSGSEND = YES;
				ENABLE_TESTABILITY = YES;
				GCC_C_LANGUAGE_STANDARD = gnu11;
				GCC_DYNAMIC_NO_PIC = NO;
				GCC_NO_COMMON_BLOCKS = YES;
				GCC_OPTIMIZATION_LEVEL = 0;
				GCC_PREPROCESSOR_DEFINITIONS = (
					"DEBUG=1",
					"$(inherited)",
				);
				GCC_WARN_64_TO_32_BIT_CONVERSION = YES;
				GCC_WARN_ABOUT_RETURN_TYPE = YES_ERROR;
				GCC_WARN_UNDECLARED_SELECTOR = YES;
				GCC_WARN_UNINITIALIZED_AUTOS = YES_AGGRESSIVE;
				GCC_WARN_UNUSED_FUNCTION = YES;
				GCC_WARN_UNUSED_VARIABLE = YES;
				IPHONEOS_DEPLOYMENT_TARGET = 14.5;
				MTL_ENABLE_DEBUG_INFO = INCLUDE_SOURCE;
				MTL_FAST_MATH = YES;
				ONLY_ACTIVE_ARCH = YES;
				SDKROOT = iphoneos;
				SWIFT_ACTIVE_COMPILATION_CONDITIONS = DEBUG;
				SWIFT_OPTIMIZATION_LEVEL = "-Onone";
			};
			name = Debug;
		};
		FF740454266DD59F00E87E13 /* Release */ = {
			isa = XCBuildConfiguration;
			buildSettings = {
				ALWAYS_SEARCH_USER_PATHS = NO;
				CLANG_ANALYZER_NONNULL = YES;
				CLANG_ANALYZER_NUMBER_OBJECT_CONVERSION = YES_AGGRESSIVE;
				CLANG_CXX_LANGUAGE_STANDARD = "gnu++14";
				CLANG_CXX_LIBRARY = "libc++";
				CLANG_ENABLE_MODULES = YES;
				CLANG_ENABLE_OBJC_ARC = YES;
				CLANG_ENABLE_OBJC_WEAK = YES;
				CLANG_WARN_BLOCK_CAPTURE_AUTORELEASING = YES;
				CLANG_WARN_BOOL_CONVERSION = YES;
				CLANG_WARN_COMMA = YES;
				CLANG_WARN_CONSTANT_CONVERSION = YES;
				CLANG_WARN_DEPRECATED_OBJC_IMPLEMENTATIONS = YES;
				CLANG_WARN_DIRECT_OBJC_ISA_USAGE = YES_ERROR;
				CLANG_WARN_DOCUMENTATION_COMMENTS = YES;
				CLANG_WARN_EMPTY_BODY = YES;
				CLANG_WARN_ENUM_CONVERSION = YES;
				CLANG_WARN_INFINITE_RECURSION = YES;
				CLANG_WARN_INT_CONVERSION = YES;
				CLANG_WARN_NON_LITERAL_NULL_CONVERSION = YES;
				CLANG_WARN_OBJC_IMPLICIT_RETAIN_SELF = YES;
				CLANG_WARN_OBJC_LITERAL_CONVERSION = YES;
				CLANG_WARN_OBJC_ROOT_CLASS = YES_ERROR;
				CLANG_WARN_QUOTED_INCLUDE_IN_FRAMEWORK_HEADER = YES;
				CLANG_WARN_RANGE_LOOP_ANALYSIS = YES;
				CLANG_WARN_STRICT_PROTOTYPES = YES;
				CLANG_WARN_SUSPICIOUS_MOVE = YES;
				CLANG_WARN_UNGUARDED_AVAILABILITY = YES_AGGRESSIVE;
				CLANG_WARN_UNREACHABLE_CODE = YES;
				CLANG_WARN__DUPLICATE_METHOD_MATCH = YES;
				COPY_PHASE_STRIP = NO;
				DEBUG_INFORMATION_FORMAT = "dwarf-with-dsym";
				ENABLE_NS_ASSERTIONS = NO;
				ENABLE_STRICT_OBJC_MSGSEND = YES;
				GCC_C_LANGUAGE_STANDARD = gnu11;
				GCC_NO_COMMON_BLOCKS = YES;
				GCC_WARN_64_TO_32_BIT_CONVERSION = YES;
				GCC_WARN_ABOUT_RETURN_TYPE = YES_ERROR;
				GCC_WARN_UNDECLARED_SELECTOR = YES;
				GCC_WARN_UNINITIALIZED_AUTOS = YES_AGGRESSIVE;
				GCC_WARN_UNUSED_FUNCTION = YES;
				GCC_WARN_UNUSED_VARIABLE = YES;
				IPHONEOS_DEPLOYMENT_TARGET = 14.5;
				MTL_ENABLE_DEBUG_INFO = NO;
				MTL_FAST_MATH = YES;
				SDKROOT = iphoneos;
				SWIFT_COMPILATION_MODE = wholemodule;
				SWIFT_OPTIMIZATION_LEVEL = "-O";
				VALIDATE_PRODUCT = YES;
			};
			name = Release;
		};
		FF740456266DD59F00E87E13 /* Debug */ = {
			isa = XCBuildConfiguration;
			buildSettings = {
				ASSETCATALOG_COMPILER_APPICON_NAME = AppIcon;
				ASSETCATALOG_COMPILER_GLOBAL_ACCENT_COLOR_NAME = AccentColor;
				CODE_SIGN_STYLE = Automatic;
				DEVELOPMENT_TEAM = H3V637RY5A;
				INFOPLIST_FILE = RandomTargetNumber/Info.plist;
				IPHONEOS_DEPLOYMENT_TARGET = 13.2;
				LD_RUNPATH_SEARCH_PATHS = (
					"$(inherited)",
					"@executable_path/Frameworks",
				);
				PRODUCT_BUNDLE_IDENTIFIER = kr.yeonpark.RandomTargetNumber;
				PRODUCT_NAME = "$(TARGET_NAME)";
				SWIFT_VERSION = 5.0;
				TARGETED_DEVICE_FAMILY = "1,2";
			};
			name = Debug;
		};
		FF740457266DD59F00E87E13 /* Release */ = {
			isa = XCBuildConfiguration;
			buildSettings = {
				ASSETCATALOG_COMPILER_APPICON_NAME = AppIcon;
				ASSETCATALOG_COMPILER_GLOBAL_ACCENT_COLOR_NAME = AccentColor;
				CODE_SIGN_STYLE = Automatic;
				DEVELOPMENT_TEAM = H3V637RY5A;
				INFOPLIST_FILE = RandomTargetNumber/Info.plist;
				IPHONEOS_DEPLOYMENT_TARGET = 13.2;
				LD_RUNPATH_SEARCH_PATHS = (
					"$(inherited)",
					"@executable_path/Frameworks",
				);
				PRODUCT_BUNDLE_IDENTIFIER = kr.yeonpark.RandomTargetNumber;
				PRODUCT_NAME = "$(TARGET_NAME)";
				SWIFT_VERSION = 5.0;
				TARGETED_DEVICE_FAMILY = "1,2";
			};
			name = Release;
		};
/* End XCBuildConfiguration section */

/* Begin XCConfigurationList section */
		FF74043C266DD59D00E87E13 /* Build configuration list for PBXProject "RandomTargetNumber" */ = {
			isa = XCConfigurationList;
			buildConfigurations = (
				FF740453266DD59F00E87E13 /* Debug */,
				FF740454266DD59F00E87E13 /* Release */,
			);
			defaultConfigurationIsVisible = 0;
			defaultConfigurationName = Release;
		};
		FF740455266DD59F00E87E13 /* Build configuration list for PBXNativeTarget "RandomTargetNumber" */ = {
			isa = XCConfigurationList;
			buildConfigurations = (
				FF740456266DD59F00E87E13 /* Debug */,
				FF740457266DD59F00E87E13 /* Release */,
			);
			defaultConfigurationIsVisible = 0;
			defaultConfigurationName = Release;
		};
/* End XCConfigurationList section */
	};
	rootObject = FF740439266DD59D00E87E13 /* Project object */;
}
