// !$*UTF8*$!
{
	archiveVersion = 1;
	classes = {
	};
	objectVersion = 52;
	objects = {

/* Begin PBXBuildFile section */
		FFB4E9FD26D1B0E100B01307 /* weatherAppApp.swift in Sources */ = {isa = PBXBuildFile; fileRef = FFB4E9FC26D1B0E100B01307 /* weatherAppApp.swift */; };
		FFB4E9FF26D1B0E100B01307 /* ContentView.swift in Sources */ = {isa = PBXBuildFile; fileRef = FFB4E9FE26D1B0E100B01307 /* ContentView.swift */; };
		FFB4EA0126D1B0E300B01307 /* Assets.xcassets in Resources */ = {isa = PBXBuildFile; fileRef = FFB4EA0026D1B0E300B01307 /* Assets.xcassets */; };
		FFB4EA0426D1B0E300B01307 /* Preview Assets.xcassets in Resources */ = {isa = PBXBuildFile; fileRef = FFB4EA0326D1B0E300B01307 /* Preview Assets.xcassets */; };
		FFB4EA1026D1B14E00B01307 /* CurrentWeather.swift in Sources */ = {isa = PBXBuildFile; fileRef = FFB4EA0F26D1B14E00B01307 /* CurrentWeather.swift */; };
		FFB4EA1226D2150300B01307 /* DailyWeather.swift in Sources */ = {isa = PBXBuildFile; fileRef = FFB4EA1126D2150300B01307 /* DailyWeather.swift */; };
		FFB4EA1426D2177C00B01307 /* WebService.swift in Sources */ = {isa = PBXBuildFile; fileRef = FFB4EA1326D2177C00B01307 /* WebService.swift */; };
		FFB4EA1626D21B7200B01307 /* GPSModel.swift in Sources */ = {isa = PBXBuildFile; fileRef = FFB4EA1526D21B7200B01307 /* GPSModel.swift */; };
		FFB4EA1926D221B600B01307 /* Alamofire in Frameworks */ = {isa = PBXBuildFile; productRef = FFB4EA1826D221B600B01307 /* Alamofire */; };
		FFB4EA1D26D223A900B01307 /* Constants.swift in Sources */ = {isa = PBXBuildFile; fileRef = FFB4EA1C26D223A900B01307 /* Constants.swift */; };
		FFB4EA1F26D230BE00B01307 /* Weather.swift in Sources */ = {isa = PBXBuildFile; fileRef = FFB4EA1E26D230BE00B01307 /* Weather.swift */; };
		FFB4EA2226D2410100B01307 /* ApiKey.plist in Resources */ = {isa = PBXBuildFile; fileRef = FFB4EA2126D2410100B01307 /* ApiKey.plist */; };
		FFB4EA2426D27AFA00B01307 /* Location.swift in Sources */ = {isa = PBXBuildFile; fileRef = FFB4EA2326D27AFA00B01307 /* Location.swift */; };
/* End PBXBuildFile section */

/* Begin PBXFileReference section */
		FFB4E9F926D1B0E100B01307 /* weatherApp.app */ = {isa = PBXFileReference; explicitFileType = wrapper.application; includeInIndex = 0; path = weatherApp.app; sourceTree = BUILT_PRODUCTS_DIR; };
		FFB4E9FC26D1B0E100B01307 /* weatherAppApp.swift */ = {isa = PBXFileReference; lastKnownFileType = sourcecode.swift; path = weatherAppApp.swift; sourceTree = "<group>"; };
		FFB4E9FE26D1B0E100B01307 /* ContentView.swift */ = {isa = PBXFileReference; lastKnownFileType = sourcecode.swift; path = ContentView.swift; sourceTree = "<group>"; };
		FFB4EA0026D1B0E300B01307 /* Assets.xcassets */ = {isa = PBXFileReference; lastKnownFileType = folder.assetcatalog; path = Assets.xcassets; sourceTree = "<group>"; };
		FFB4EA0326D1B0E300B01307 /* Preview Assets.xcassets */ = {isa = PBXFileReference; lastKnownFileType = folder.assetcatalog; path = "Preview Assets.xcassets"; sourceTree = "<group>"; };
		FFB4EA0526D1B0E300B01307 /* Info.plist */ = {isa = PBXFileReference; lastKnownFileType = text.plist.xml; path = Info.plist; sourceTree = "<group>"; };
		FFB4EA0F26D1B14E00B01307 /* CurrentWeather.swift */ = {isa = PBXFileReference; lastKnownFileType = sourcecode.swift; path = CurrentWeather.swift; sourceTree = "<group>"; };
		FFB4EA1126D2150300B01307 /* DailyWeather.swift */ = {isa = PBXFileReference; lastKnownFileType = sourcecode.swift; path = DailyWeather.swift; sourceTree = "<group>"; };
		FFB4EA1326D2177C00B01307 /* WebService.swift */ = {isa = PBXFileReference; lastKnownFileType = sourcecode.swift; path = WebService.swift; sourceTree = "<group>"; };
		FFB4EA1526D21B7200B01307 /* GPSModel.swift */ = {isa = PBXFileReference; lastKnownFileType = sourcecode.swift; path = GPSModel.swift; sourceTree = "<group>"; };
		FFB4EA1C26D223A900B01307 /* Constants.swift */ = {isa = PBXFileReference; lastKnownFileType = sourcecode.swift; path = Constants.swift; sourceTree = "<group>"; };
		FFB4EA1E26D230BE00B01307 /* Weather.swift */ = {isa = PBXFileReference; lastKnownFileType = sourcecode.swift; path = Weather.swift; sourceTree = "<group>"; };
		FFB4EA2126D2410100B01307 /* ApiKey.plist */ = {isa = PBXFileReference; lastKnownFileType = text.plist.xml; path = ApiKey.plist; sourceTree = "<group>"; };
		FFB4EA2326D27AFA00B01307 /* Location.swift */ = {isa = PBXFileReference; lastKnownFileType = sourcecode.swift; path = Location.swift; sourceTree = "<group>"; };
/* End PBXFileReference section */

/* Begin PBXFrameworksBuildPhase section */
		FFB4E9F626D1B0E100B01307 /* Frameworks */ = {
			isa = PBXFrameworksBuildPhase;
			buildActionMask = 2147483647;
			files = (
				FFB4EA1926D221B600B01307 /* Alamofire in Frameworks */,
			);
			runOnlyForDeploymentPostprocessing = 0;
		};
/* End PBXFrameworksBuildPhase section */

/* Begin PBXGroup section */
		FFB4E9F026D1B0E100B01307 = {
			isa = PBXGroup;
			children = (
				FFB4E9FB26D1B0E100B01307 /* weatherApp */,
				FFB4E9FA26D1B0E100B01307 /* Products */,
			);
			sourceTree = "<group>";
		};
		FFB4E9FA26D1B0E100B01307 /* Products */ = {
			isa = PBXGroup;
			children = (
				FFB4E9F926D1B0E100B01307 /* weatherApp.app */,
			);
			name = Products;
			sourceTree = "<group>";
		};
		FFB4E9FB26D1B0E100B01307 /* weatherApp */ = {
			isa = PBXGroup;
			children = (
				FFB4EA2026D2338000B01307 /* Service */,
				FFB4EA0E26D1B10900B01307 /* Util */,
				FFB4EA0D26D1B10300B01307 /* Model */,
				FFB4EA0C26D1B0FD00B01307 /* ViewModel */,
				FFB4EA0B26D1B0F700B01307 /* View */,
				FFB4E9FC26D1B0E100B01307 /* weatherAppApp.swift */,
				FFB4EA0026D1B0E300B01307 /* Assets.xcassets */,
				FFB4EA0526D1B0E300B01307 /* Info.plist */,
				FFB4EA0226D1B0E300B01307 /* Preview Content */,
			);
			path = weatherApp;
			sourceTree = "<group>";
		};
		FFB4EA0226D1B0E300B01307 /* Preview Content */ = {
			isa = PBXGroup;
			children = (
				FFB4EA0326D1B0E300B01307 /* Preview Assets.xcassets */,
			);
			path = "Preview Content";
			sourceTree = "<group>";
		};
		FFB4EA0B26D1B0F700B01307 /* View */ = {
			isa = PBXGroup;
			children = (
				FFB4E9FE26D1B0E100B01307 /* ContentView.swift */,
				FFB4EA0F26D1B14E00B01307 /* CurrentWeather.swift */,
				FFB4EA1126D2150300B01307 /* DailyWeather.swift */,
			);
			path = View;
			sourceTree = "<group>";
		};
		FFB4EA0C26D1B0FD00B01307 /* ViewModel */ = {
			isa = PBXGroup;
			children = (
			);
			path = ViewModel;
			sourceTree = "<group>";
		};
		FFB4EA0D26D1B10300B01307 /* Model */ = {
			isa = PBXGroup;
			children = (
				FFB4EA1526D21B7200B01307 /* GPSModel.swift */,
				FFB4EA1E26D230BE00B01307 /* Weather.swift */,
				FFB4EA2326D27AFA00B01307 /* Location.swift */,
			);
			path = Model;
			sourceTree = "<group>";
		};
		FFB4EA0E26D1B10900B01307 /* Util */ = {
			isa = PBXGroup;
			children = (
				FFB4EA1C26D223A900B01307 /* Constants.swift */,
			);
			path = Util;
			sourceTree = "<group>";
		};
		FFB4EA2026D2338000B01307 /* Service */ = {
			isa = PBXGroup;
			children = (
				FFB4EA2126D2410100B01307 /* ApiKey.plist */,
				FFB4EA1326D2177C00B01307 /* WebService.swift */,
			);
			path = Service;
			sourceTree = "<group>";
		};
/* End PBXGroup section */

/* Begin PBXNativeTarget section */
		FFB4E9F826D1B0E100B01307 /* weatherApp */ = {
			isa = PBXNativeTarget;
			buildConfigurationList = FFB4EA0826D1B0E300B01307 /* Build configuration list for PBXNativeTarget "weatherApp" */;
			buildPhases = (
				FFB4E9F526D1B0E100B01307 /* Sources */,
				FFB4E9F626D1B0E100B01307 /* Frameworks */,
				FFB4E9F726D1B0E100B01307 /* Resources */,
			);
			buildRules = (
			);
			dependencies = (
			);
			name = weatherApp;
			packageProductDependencies = (
				FFB4EA1826D221B600B01307 /* Alamofire */,
			);
			productName = weatherApp;
			productReference = FFB4E9F926D1B0E100B01307 /* weatherApp.app */;
			productType = "com.apple.product-type.application";
		};
/* End PBXNativeTarget section */

/* Begin PBXProject section */
		FFB4E9F126D1B0E100B01307 /* Project object */ = {
			isa = PBXProject;
			attributes = {
				LastSwiftUpdateCheck = 1250;
				LastUpgradeCheck = 1250;
				TargetAttributes = {
					FFB4E9F826D1B0E100B01307 = {
						CreatedOnToolsVersion = 12.5.1;
					};
				};
			};
			buildConfigurationList = FFB4E9F426D1B0E100B01307 /* Build configuration list for PBXProject "weatherApp" */;
			compatibilityVersion = "Xcode 9.3";
			developmentRegion = en;
			hasScannedForEncodings = 0;
			knownRegions = (
				en,
				Base,
			);
			mainGroup = FFB4E9F026D1B0E100B01307;
			packageReferences = (
				FFB4EA1726D221B600B01307 /* XCRemoteSwiftPackageReference "Alamofire" */,
			);
			productRefGroup = FFB4E9FA26D1B0E100B01307 /* Products */;
			projectDirPath = "";
			projectRoot = "";
			targets = (
				FFB4E9F826D1B0E100B01307 /* weatherApp */,
			);
		};
/* End PBXProject section */

/* Begin PBXResourcesBuildPhase section */
		FFB4E9F726D1B0E100B01307 /* Resources */ = {
			isa = PBXResourcesBuildPhase;
			buildActionMask = 2147483647;
			files = (
				FFB4EA2226D2410100B01307 /* ApiKey.plist in Resources */,
				FFB4EA0426D1B0E300B01307 /* Preview Assets.xcassets in Resources */,
				FFB4EA0126D1B0E300B01307 /* Assets.xcassets in Resources */,
			);
			runOnlyForDeploymentPostprocessing = 0;
		};
/* End PBXResourcesBuildPhase section */

/* Begin PBXSourcesBuildPhase section */
		FFB4E9F526D1B0E100B01307 /* Sources */ = {
			isa = PBXSourcesBuildPhase;
			buildActionMask = 2147483647;
			files = (
				FFB4EA1226D2150300B01307 /* DailyWeather.swift in Sources */,
				FFB4E9FF26D1B0E100B01307 /* ContentView.swift in Sources */,
				FFB4EA1626D21B7200B01307 /* GPSModel.swift in Sources */,
				FFB4EA1F26D230BE00B01307 /* Weather.swift in Sources */,
				FFB4EA2426D27AFA00B01307 /* Location.swift in Sources */,
				FFB4EA1026D1B14E00B01307 /* CurrentWeather.swift in Sources */,
				FFB4E9FD26D1B0E100B01307 /* weatherAppApp.swift in Sources */,
				FFB4EA1426D2177C00B01307 /* WebService.swift in Sources */,
				FFB4EA1D26D223A900B01307 /* Constants.swift in Sources */,
			);
			runOnlyForDeploymentPostprocessing = 0;
		};
/* End PBXSourcesBuildPhase section */

/* Begin XCBuildConfiguration section */
		FFB4EA0626D1B0E300B01307 /* Debug */ = {
			isa = XCBuildConfiguration;
			buildSettings = {
				ALWAYS_SEARCH_USER_PATHS = NO;
				CLANG_ANALYZER_NONNULL = YES;
				CLANG_ANALYZER_NUMBER_OBJECT_CONVERSION = YES_AGGRESSIVE;
				CLANG_CXX_LANGUAGE_STANDARD = "gnu++14";
				CLANG_CXX_LIBRARY = "libc++";
				CLANG_ENABLE_MODULES = YES;
				CLANG_ENABLE_OBJC_ARC = YES;
				CLANG_ENABLE_OBJC_WEAK = YES;
				CLANG_WARN_BLOCK_CAPTURE_AUTORELEASING = YES;
				CLANG_WARN_BOOL_CONVERSION = YES;
				CLANG_WARN_COMMA = YES;
				CLANG_WARN_CONSTANT_CONVERSION = YES;
				CLANG_WARN_DEPRECATED_OBJC_IMPLEMENTATIONS = YES;
				CLANG_WARN_DIRECT_OBJC_ISA_USAGE = YES_ERROR;
				CLANG_WARN_DOCUMENTATION_COMMENTS = YES;
				CLANG_WARN_EMPTY_BODY = YES;
				CLANG_WARN_ENUM_CONVERSION = YES;
				CLANG_WARN_INFINITE_RECURSION = YES;
				CLANG_WARN_INT_CONVERSION = YES;
				CLANG_WARN_NON_LITERAL_NULL_CONVERSION = YES;
				CLANG_WARN_OBJC_IMPLICIT_RETAIN_SELF = YES;
				CLANG_WARN_OBJC_LITERAL_CONVERSION = YES;
				CLANG_WARN_OBJC_ROOT_CLASS = YES_ERROR;
				CLANG_WARN_QUOTED_INCLUDE_IN_FRAMEWORK_HEADER = YES;
				CLANG_WARN_RANGE_LOOP_ANALYSIS = YES;
				CLANG_WARN_STRICT_PROTOTYPES = YES;
				CLANG_WARN_SUSPICIOUS_MOVE = YES;
				CLANG_WARN_UNGUARDED_AVAILABILITY = YES_AGGRESSIVE;
				CLANG_WARN_UNREACHABLE_CODE = YES;
				CLANG_WARN__DUPLICATE_METHOD_MATCH = YES;
				COPY_PHASE_STRIP = NO;
				DEBUG_INFORMATION_FORMAT = dwarf;
				ENABLE_STRICT_OBJC_MSGSEND = YES;
				ENABLE_TESTABILITY = YES;
				GCC_C_LANGUAGE_STANDARD = gnu11;
				GCC_DYNAMIC_NO_PIC = NO;
				GCC_NO_COMMON_BLOCKS = YES;
				GCC_OPTIMIZATION_LEVEL = 0;
				GCC_PREPROCESSOR_DEFINITIONS = (
					"DEBUG=1",
					"$(inherited)",
				);
				GCC_WARN_64_TO_32_BIT_CONVERSION = YES;
				GCC_WARN_ABOUT_RETURN_TYPE = YES_ERROR;
				GCC_WARN_UNDECLARED_SELECTOR = YES;
				GCC_WARN_UNINITIALIZED_AUTOS = YES_AGGRESSIVE;
				GCC_WARN_UNUSED_FUNCTION = YES;
				GCC_WARN_UNUSED_VARIABLE = YES;
				IPHONEOS_DEPLOYMENT_TARGET = 14.5;
				MTL_ENABLE_DEBUG_INFO = INCLUDE_SOURCE;
				MTL_FAST_MATH = YES;
				ONLY_ACTIVE_ARCH = YES;
				SDKROOT = iphoneos;
				SWIFT_ACTIVE_COMPILATION_CONDITIONS = DEBUG;
				SWIFT_OPTIMIZATION_LEVEL = "-Onone";
			};
			name = Debug;
		};
		FFB4EA0726D1B0E300B01307 /* Release */ = {
			isa = XCBuildConfiguration;
			buildSettings = {
				ALWAYS_SEARCH_USER_PATHS = NO;
				CLANG_ANALYZER_NONNULL = YES;
				CLANG_ANALYZER_NUMBER_OBJECT_CONVERSION = YES_AGGRESSIVE;
				CLANG_CXX_LANGUAGE_STANDARD = "gnu++14";
				CLANG_CXX_LIBRARY = "libc++";
				CLANG_ENABLE_MODULES = YES;
				CLANG_ENABLE_OBJC_ARC = YES;
				CLANG_ENABLE_OBJC_WEAK = YES;
				CLANG_WARN_BLOCK_CAPTURE_AUTORELEASING = YES;
				CLANG_WARN_BOOL_CONVERSION = YES;
				CLANG_WARN_COMMA = YES;
				CLANG_WARN_CONSTANT_CONVERSION = YES;
				CLANG_WARN_DEPRECATED_OBJC_IMPLEMENTATIONS = YES;
				CLANG_WARN_DIRECT_OBJC_ISA_USAGE = YES_ERROR;
				CLANG_WARN_DOCUMENTATION_COMMENTS = YES;
				CLANG_WARN_EMPTY_BODY = YES;
				CLANG_WARN_ENUM_CONVERSION = YES;
				CLANG_WARN_INFINITE_RECURSION = YES;
				CLANG_WARN_INT_CONVERSION = YES;
				CLANG_WARN_NON_LITERAL_NULL_CONVERSION = YES;
				CLANG_WARN_OBJC_IMPLICIT_RETAIN_SELF = YES;
				CLANG_WARN_OBJC_LITERAL_CONVERSION = YES;
				CLANG_WARN_OBJC_ROOT_CLASS = YES_ERROR;
				CLANG_WARN_QUOTED_INCLUDE_IN_FRAMEWORK_HEADER = YES;
				CLANG_WARN_RANGE_LOOP_ANALYSIS = YES;
				CLANG_WARN_STRICT_PROTOTYPES = YES;
				CLANG_WARN_SUSPICIOUS_MOVE = YES;
				CLANG_WARN_UNGUARDED_AVAILABILITY = YES_AGGRESSIVE;
				CLANG_WARN_UNREACHABLE_CODE = YES;
				CLANG_WARN__DUPLICATE_METHOD_MATCH = YES;
				COPY_PHASE_STRIP = NO;
				DEBUG_INFORMATION_FORMAT = "dwarf-with-dsym";
				ENABLE_NS_ASSERTIONS = NO;
				ENABLE_STRICT_OBJC_MSGSEND = YES;
				GCC_C_LANGUAGE_STANDARD = gnu11;
				GCC_NO_COMMON_BLOCKS = YES;
				GCC_WARN_64_TO_32_BIT_CONVERSION = YES;
				GCC_WARN_ABOUT_RETURN_TYPE = YES_ERROR;
				GCC_WARN_UNDECLARED_SELECTOR = YES;
				GCC_WARN_UNINITIALIZED_AUTOS = YES_AGGRESSIVE;
				GCC_WARN_UNUSED_FUNCTION = YES;
				GCC_WARN_UNUSED_VARIABLE = YES;
				IPHONEOS_DEPLOYMENT_TARGET = 14.5;
				MTL_ENABLE_DEBUG_INFO = NO;
				MTL_FAST_MATH = YES;
				SDKROOT = iphoneos;
				SWIFT_COMPILATION_MODE = wholemodule;
				SWIFT_OPTIMIZATION_LEVEL = "-O";
				VALIDATE_PRODUCT = YES;
			};
			name = Release;
		};
		FFB4EA0926D1B0E300B01307 /* Debug */ = {
			isa = XCBuildConfiguration;
			buildSettings = {
				ASSETCATALOG_COMPILER_APPICON_NAME = AppIcon;
				ASSETCATALOG_COMPILER_GLOBAL_ACCENT_COLOR_NAME = AccentColor;
				CODE_SIGN_STYLE = Automatic;
				DEVELOPMENT_ASSET_PATHS = "\"weatherApp/Preview Content\"";
				DEVELOPMENT_TEAM = H3V637RY5A;
				ENABLE_PREVIEWS = YES;
				INFOPLIST_FILE = weatherApp/Info.plist;
				IPHONEOS_DEPLOYMENT_TARGET = 14.0;
				LD_RUNPATH_SEARCH_PATHS = (
					"$(inherited)",
					"@executable_path/Frameworks",
				);
				PRODUCT_BUNDLE_IDENTIFIER = kr.yeonpark.weatherApp;
				PRODUCT_NAME = "$(TARGET_NAME)";
				SWIFT_VERSION = 5.0;
				TARGETED_DEVICE_FAMILY = "1,2";
			};
			name = Debug;
		};
		FFB4EA0A26D1B0E300B01307 /* Release */ = {
			isa = XCBuildConfiguration;
			buildSettings = {
				ASSETCATALOG_COMPILER_APPICON_NAME = AppIcon;
				ASSETCATALOG_COMPILER_GLOBAL_ACCENT_COLOR_NAME = AccentColor;
				CODE_SIGN_STYLE = Automatic;
				DEVELOPMENT_ASSET_PATHS = "\"weatherApp/Preview Content\"";
				DEVELOPMENT_TEAM = H3V637RY5A;
				ENABLE_PREVIEWS = YES;
				INFOPLIST_FILE = weatherApp/Info.plist;
				IPHONEOS_DEPLOYMENT_TARGET = 14.0;
				LD_RUNPATH_SEARCH_PATHS = (
					"$(inherited)",
					"@executable_path/Frameworks",
				);
				PRODUCT_BUNDLE_IDENTIFIER = kr.yeonpark.weatherApp;
				PRODUCT_NAME = "$(TARGET_NAME)";
				SWIFT_VERSION = 5.0;
				TARGETED_DEVICE_FAMILY = "1,2";
			};
			name = Release;
		};
/* End XCBuildConfiguration section */

/* Begin XCConfigurationList section */
		FFB4E9F426D1B0E100B01307 /* Build configuration list for PBXProject "weatherApp" */ = {
			isa = XCConfigurationList;
			buildConfigurations = (
				FFB4EA0626D1B0E300B01307 /* Debug */,
				FFB4EA0726D1B0E300B01307 /* Release */,
			);
			defaultConfigurationIsVisible = 0;
			defaultConfigurationName = Release;
		};
		FFB4EA0826D1B0E300B01307 /* Build configuration list for PBXNativeTarget "weatherApp" */ = {
			isa = XCConfigurationList;
			buildConfigurations = (
				FFB4EA0926D1B0E300B01307 /* Debug */,
				FFB4EA0A26D1B0E300B01307 /* Release */,
			);
			defaultConfigurationIsVisible = 0;
			defaultConfigurationName = Release;
		};
/* End XCConfigurationList section */

/* Begin XCRemoteSwiftPackageReference section */
		FFB4EA1726D221B600B01307 /* XCRemoteSwiftPackageReference "Alamofire" */ = {
			isa = XCRemoteSwiftPackageReference;
			repositoryURL = "https://github.com/Alamofire/Alamofire.git";
			requirement = {
				kind = upToNextMajorVersion;
				minimumVersion = 5.4.3;
			};
		};
/* End XCRemoteSwiftPackageReference section */

/* Begin XCSwiftPackageProductDependency section */
		FFB4EA1826D221B600B01307 /* Alamofire */ = {
			isa = XCSwiftPackageProductDependency;
			package = FFB4EA1726D221B600B01307 /* XCRemoteSwiftPackageReference "Alamofire" */;
			productName = Alamofire;
		};
/* End XCSwiftPackageProductDependency section */
	};
	rootObject = FFB4E9F126D1B0E100B01307 /* Project object */;
}
