// !$*UTF8*$!
{
	archiveVersion = 1;
	classes = {
	};
	objectVersion = 50;
	objects = {

/* Begin PBXBuildFile section */
		FF158CB426F0ABE900D4A8DC /* AppDelegate.swift in Sources */ = {isa = PBXBuildFile; fileRef = FF158CB326F0ABE900D4A8DC /* AppDelegate.swift */; };
		FF158CB626F0ABE900D4A8DC /* SceneDelegate.swift in Sources */ = {isa = PBXBuildFile; fileRef = FF158CB526F0ABE900D4A8DC /* SceneDelegate.swift */; };
		FF158CB826F0ABE900D4A8DC /* ViewController.swift in Sources */ = {isa = PBXBuildFile; fileRef = FF158CB726F0ABE900D4A8DC /* ViewController.swift */; };
		FF158CBB26F0ABE900D4A8DC /* Main.storyboard in Resources */ = {isa = PBXBuildFile; fileRef = FF158CB926F0ABE900D4A8DC /* Main.storyboard */; };
		FF158CBD26F0ABEC00D4A8DC /* Assets.xcassets in Resources */ = {isa = PBXBuildFile; fileRef = FF158CBC26F0ABEC00D4A8DC /* Assets.xcassets */; };
		FF158CC026F0ABEC00D4A8DC /* LaunchScreen.storyboard in Resources */ = {isa = PBXBuildFile; fileRef = FF158CBE26F0ABEC00D4A8DC /* LaunchScreen.storyboard */; };
		FF158CCC26F0DDAF00D4A8DC /* CalendarCell.swift in Sources */ = {isa = PBXBuildFile; fileRef = FF158CCB26F0DDAF00D4A8DC /* CalendarCell.swift */; };
		FF158CCF26F0E09500D4A8DC /* CalendarController.swift in Sources */ = {isa = PBXBuildFile; fileRef = FF158CCE26F0E09500D4A8DC /* CalendarController.swift */; };
		FF720F9526F1D3F900A49128 /* DiaryData.swift in Sources */ = {isa = PBXBuildFile; fileRef = FF720F9426F1D3F900A49128 /* DiaryData.swift */; };
		FF720F9726F1D60000A49128 /* ContentViewController.swift in Sources */ = {isa = PBXBuildFile; fileRef = FF720F9626F1D60000A49128 /* ContentViewController.swift */; };
/* End PBXBuildFile section */

/* Begin PBXFileReference section */
		FF158CB026F0ABE900D4A8DC /* Diary.app */ = {isa = PBXFileReference; explicitFileType = wrapper.application; includeInIndex = 0; path = Diary.app; sourceTree = BUILT_PRODUCTS_DIR; };
		FF158CB326F0ABE900D4A8DC /* AppDelegate.swift */ = {isa = PBXFileReference; lastKnownFileType = sourcecode.swift; path = AppDelegate.swift; sourceTree = "<group>"; };
		FF158CB526F0ABE900D4A8DC /* SceneDelegate.swift */ = {isa = PBXFileReference; lastKnownFileType = sourcecode.swift; path = SceneDelegate.swift; sourceTree = "<group>"; };
		FF158CB726F0ABE900D4A8DC /* ViewController.swift */ = {isa = PBXFileReference; lastKnownFileType = sourcecode.swift; path = ViewController.swift; sourceTree = "<group>"; };
		FF158CBA26F0ABE900D4A8DC /* Base */ = {isa = PBXFileReference; lastKnownFileType = file.storyboard; name = Base; path = Base.lproj/Main.storyboard; sourceTree = "<group>"; };
		FF158CBC26F0ABEC00D4A8DC /* Assets.xcassets */ = {isa = PBXFileReference; lastKnownFileType = folder.assetcatalog; path = Assets.xcassets; sourceTree = "<group>"; };
		FF158CBF26F0ABEC00D4A8DC /* Base */ = {isa = PBXFileReference; lastKnownFileType = file.storyboard; name = Base; path = Base.lproj/LaunchScreen.storyboard; sourceTree = "<group>"; };
		FF158CC126F0ABEC00D4A8DC /* Info.plist */ = {isa = PBXFileReference; lastKnownFileType = text.plist.xml; path = Info.plist; sourceTree = "<group>"; };
		FF158CCB26F0DDAF00D4A8DC /* CalendarCell.swift */ = {isa = PBXFileReference; lastKnownFileType = sourcecode.swift; path = CalendarCell.swift; sourceTree = "<group>"; };
		FF158CCE26F0E09500D4A8DC /* CalendarController.swift */ = {isa = PBXFileReference; lastKnownFileType = sourcecode.swift; path = CalendarController.swift; sourceTree = "<group>"; };
		FF720F9426F1D3F900A49128 /* DiaryData.swift */ = {isa = PBXFileReference; lastKnownFileType = sourcecode.swift; path = DiaryData.swift; sourceTree = "<group>"; };
		FF720F9626F1D60000A49128 /* ContentViewController.swift */ = {isa = PBXFileReference; lastKnownFileType = sourcecode.swift; path = ContentViewController.swift; sourceTree = "<group>"; };
/* End PBXFileReference section */

/* Begin PBXFrameworksBuildPhase section */
		FF158CAD26F0ABE900D4A8DC /* Frameworks */ = {
			isa = PBXFrameworksBuildPhase;
			buildActionMask = 2147483647;
			files = (
			);
			runOnlyForDeploymentPostprocessing = 0;
		};
/* End PBXFrameworksBuildPhase section */

/* Begin PBXGroup section */
		FF158CA726F0ABE900D4A8DC = {
			isa = PBXGroup;
			children = (
				FF158CB226F0ABE900D4A8DC /* Diary */,
				FF158CB126F0ABE900D4A8DC /* Products */,
			);
			sourceTree = "<group>";
		};
		FF158CB126F0ABE900D4A8DC /* Products */ = {
			isa = PBXGroup;
			children = (
				FF158CB026F0ABE900D4A8DC /* Diary.app */,
			);
			name = Products;
			sourceTree = "<group>";
		};
		FF158CB226F0ABE900D4A8DC /* Diary */ = {
			isa = PBXGroup;
			children = (
				FF720F9326F1D3DE00A49128 /* Model */,
				FF158CCD26F0E08000D4A8DC /* Util */,
				FF158CCA26F0DD5300D4A8DC /* Storyboard */,
				FF158CC926F0DD4400D4A8DC /* Controller */,
				FF158CC826F0DD3F00D4A8DC /* View */,
				FF158CC726F0DD3800D4A8DC /* Resource */,
				FF158CC126F0ABEC00D4A8DC /* Info.plist */,
			);
			path = Diary;
			sourceTree = "<group>";
		};
		FF158CC726F0DD3800D4A8DC /* Resource */ = {
			isa = PBXGroup;
			children = (
				FF158CB326F0ABE900D4A8DC /* AppDelegate.swift */,
				FF158CB526F0ABE900D4A8DC /* SceneDelegate.swift */,
				FF158CBC26F0ABEC00D4A8DC /* Assets.xcassets */,
			);
			path = Resource;
			sourceTree = "<group>";
		};
		FF158CC826F0DD3F00D4A8DC /* View */ = {
			isa = PBXGroup;
			children = (
				FF158CCB26F0DDAF00D4A8DC /* CalendarCell.swift */,
			);
			path = View;
			sourceTree = "<group>";
		};
		FF158CC926F0DD4400D4A8DC /* Controller */ = {
			isa = PBXGroup;
			children = (
				FF158CB726F0ABE900D4A8DC /* ViewController.swift */,
				FF720F9626F1D60000A49128 /* ContentViewController.swift */,
			);
			path = Controller;
			sourceTree = "<group>";
		};
		FF158CCA26F0DD5300D4A8DC /* Storyboard */ = {
			isa = PBXGroup;
			children = (
				FF158CB926F0ABE900D4A8DC /* Main.storyboard */,
				FF158CBE26F0ABEC00D4A8DC /* LaunchScreen.storyboard */,
			);
			path = Storyboard;
			sourceTree = "<group>";
		};
		FF158CCD26F0E08000D4A8DC /* Util */ = {
			isa = PBXGroup;
			children = (
				FF158CCE26F0E09500D4A8DC /* CalendarController.swift */,
			);
			path = Util;
			sourceTree = "<group>";
		};
		FF720F9326F1D3DE00A49128 /* Model */ = {
			isa = PBXGroup;
			children = (
				FF720F9426F1D3F900A49128 /* DiaryData.swift */,
			);
			path = Model;
			sourceTree = "<group>";
		};
/* End PBXGroup section */

/* Begin PBXNativeTarget section */
		FF158CAF26F0ABE900D4A8DC /* Diary */ = {
			isa = PBXNativeTarget;
			buildConfigurationList = FF158CC426F0ABEC00D4A8DC /* Build configuration list for PBXNativeTarget "Diary" */;
			buildPhases = (
				FF158CAC26F0ABE900D4A8DC /* Sources */,
				FF158CAD26F0ABE900D4A8DC /* Frameworks */,
				FF158CAE26F0ABE900D4A8DC /* Resources */,
			);
			buildRules = (
			);
			dependencies = (
			);
			name = Diary;
			packageProductDependencies = (
			);
			productName = Diary;
			productReference = FF158CB026F0ABE900D4A8DC /* Diary.app */;
			productType = "com.apple.product-type.application";
		};
/* End PBXNativeTarget section */

/* Begin PBXProject section */
		FF158CA826F0ABE900D4A8DC /* Project object */ = {
			isa = PBXProject;
			attributes = {
				LastSwiftUpdateCheck = 1250;
				LastUpgradeCheck = 1250;
				TargetAttributes = {
					FF158CAF26F0ABE900D4A8DC = {
						CreatedOnToolsVersion = 12.5.1;
					};
				};
			};
			buildConfigurationList = FF158CAB26F0ABE900D4A8DC /* Build configuration list for PBXProject "Diary" */;
			compatibilityVersion = "Xcode 9.3";
			developmentRegion = en;
			hasScannedForEncodings = 0;
			knownRegions = (
				en,
				Base,
			);
			mainGroup = FF158CA726F0ABE900D4A8DC;
			packageReferences = (
			);
			productRefGroup = FF158CB126F0ABE900D4A8DC /* Products */;
			projectDirPath = "";
			projectRoot = "";
			targets = (
				FF158CAF26F0ABE900D4A8DC /* Diary */,
			);
		};
/* End PBXProject section */

/* Begin PBXResourcesBuildPhase section */
		FF158CAE26F0ABE900D4A8DC /* Resources */ = {
			isa = PBXResourcesBuildPhase;
			buildActionMask = 2147483647;
			files = (
				FF158CC026F0ABEC00D4A8DC /* LaunchScreen.storyboard in Resources */,
				FF158CBD26F0ABEC00D4A8DC /* Assets.xcassets in Resources */,
				FF158CBB26F0ABE900D4A8DC /* Main.storyboard in Resources */,
			);
			runOnlyForDeploymentPostprocessing = 0;
		};
/* End PBXResourcesBuildPhase section */

/* Begin PBXSourcesBuildPhase section */
		FF158CAC26F0ABE900D4A8DC /* Sources */ = {
			isa = PBXSourcesBuildPhase;
			buildActionMask = 2147483647;
			files = (
				FF158CB826F0ABE900D4A8DC /* ViewController.swift in Sources */,
				FF158CB426F0ABE900D4A8DC /* AppDelegate.swift in Sources */,
				FF158CB626F0ABE900D4A8DC /* SceneDelegate.swift in Sources */,
				FF720F9526F1D3F900A49128 /* DiaryData.swift in Sources */,
				FF158CCC26F0DDAF00D4A8DC /* CalendarCell.swift in Sources */,
				FF158CCF26F0E09500D4A8DC /* CalendarController.swift in Sources */,
				FF720F9726F1D60000A49128 /* ContentViewController.swift in Sources */,
			);
			runOnlyForDeploymentPostprocessing = 0;
		};
/* End PBXSourcesBuildPhase section */

/* Begin PBXVariantGroup section */
		FF158CB926F0ABE900D4A8DC /* Main.storyboard */ = {
			isa = PBXVariantGroup;
			children = (
				FF158CBA26F0ABE900D4A8DC /* Base */,
			);
			name = Main.storyboard;
			sourceTree = "<group>";
		};
		FF158CBE26F0ABEC00D4A8DC /* LaunchScreen.storyboard */ = {
			isa = PBXVariantGroup;
			children = (
				FF158CBF26F0ABEC00D4A8DC /* Base */,
			);
			name = LaunchScreen.storyboard;
			sourceTree = "<group>";
		};
/* End PBXVariantGroup section */

/* Begin XCBuildConfiguration section */
		FF158CC226F0ABEC00D4A8DC /* Debug */ = {
			isa = XCBuildConfiguration;
			buildSettings = {
				ALWAYS_SEARCH_USER_PATHS = NO;
				CLANG_ANALYZER_NONNULL = YES;
				CLANG_ANALYZER_NUMBER_OBJECT_CONVERSION = YES_AGGRESSIVE;
				CLANG_CXX_LANGUAGE_STANDARD = "gnu++14";
				CLANG_CXX_LIBRARY = "libc++";
				CLANG_ENABLE_MODULES = YES;
				CLANG_ENABLE_OBJC_ARC = YES;
				CLANG_ENABLE_OBJC_WEAK = YES;
				CLANG_WARN_BLOCK_CAPTURE_AUTORELEASING = YES;
				CLANG_WARN_BOOL_CONVERSION = YES;
				CLANG_WARN_COMMA = YES;
				CLANG_WARN_CONSTANT_CONVERSION = YES;
				CLANG_WARN_DEPRECATED_OBJC_IMPLEMENTATIONS = YES;
				CLANG_WARN_DIRECT_OBJC_ISA_USAGE = YES_ERROR;
				CLANG_WARN_DOCUMENTATION_COMMENTS = YES;
				CLANG_WARN_EMPTY_BODY = YES;
				CLANG_WARN_ENUM_CONVERSION = YES;
				CLANG_WARN_INFINITE_RECURSION = YES;
				CLANG_WARN_INT_CONVERSION = YES;
				CLANG_WARN_NON_LITERAL_NULL_CONVERSION = YES;
				CLANG_WARN_OBJC_IMPLICIT_RETAIN_SELF = YES;
				CLANG_WARN_OBJC_LITERAL_CONVERSION = YES;
				CLANG_WARN_OBJC_ROOT_CLASS = YES_ERROR;
				CLANG_WARN_QUOTED_INCLUDE_IN_FRAMEWORK_HEADER = YES;
				CLANG_WARN_RANGE_LOOP_ANALYSIS = YES;
				CLANG_WARN_STRICT_PROTOTYPES = YES;
				CLANG_WARN_SUSPICIOUS_MOVE = YES;
				CLANG_WARN_UNGUARDED_AVAILABILITY = YES_AGGRESSIVE;
				CLANG_WARN_UNREACHABLE_CODE = YES;
				CLANG_WARN__DUPLICATE_METHOD_MATCH = YES;
				COPY_PHASE_STRIP = NO;
				DEBUG_INFORMATION_FORMAT = dwarf;
				ENABLE_STRICT_OBJC_MSGSEND = YES;
				ENABLE_TESTABILITY = YES;
				GCC_C_LANGUAGE_STANDARD = gnu11;
				GCC_DYNAMIC_NO_PIC = NO;
				GCC_NO_COMMON_BLOCKS = YES;
				GCC_OPTIMIZATION_LEVEL = 0;
				GCC_PREPROCESSOR_DEFINITIONS = (
					"DEBUG=1",
					"$(inherited)",
				);
				GCC_WARN_64_TO_32_BIT_CONVERSION = YES;
				GCC_WARN_ABOUT_RETURN_TYPE = YES_ERROR;
				GCC_WARN_UNDECLARED_SELECTOR = YES;
				GCC_WARN_UNINITIALIZED_AUTOS = YES_AGGRESSIVE;
				GCC_WARN_UNUSED_FUNCTION = YES;
				GCC_WARN_UNUSED_VARIABLE = YES;
				IPHONEOS_DEPLOYMENT_TARGET = 14.5;
				MTL_ENABLE_DEBUG_INFO = INCLUDE_SOURCE;
				MTL_FAST_MATH = YES;
				ONLY_ACTIVE_ARCH = YES;
				SDKROOT = iphoneos;
				SWIFT_ACTIVE_COMPILATION_CONDITIONS = DEBUG;
				SWIFT_OPTIMIZATION_LEVEL = "-Onone";
			};
			name = Debug;
		};
		FF158CC326F0ABEC00D4A8DC /* Release */ = {
			isa = XCBuildConfiguration;
			buildSettings = {
				ALWAYS_SEARCH_USER_PATHS = NO;
				CLANG_ANALYZER_NONNULL = YES;
				CLANG_ANALYZER_NUMBER_OBJECT_CONVERSION = YES_AGGRESSIVE;
				CLANG_CXX_LANGUAGE_STANDARD = "gnu++14";
				CLANG_CXX_LIBRARY = "libc++";
				CLANG_ENABLE_MODULES = YES;
				CLANG_ENABLE_OBJC_ARC = YES;
				CLANG_ENABLE_OBJC_WEAK = YES;
				CLANG_WARN_BLOCK_CAPTURE_AUTORELEASING = YES;
				CLANG_WARN_BOOL_CONVERSION = YES;
				CLANG_WARN_COMMA = YES;
				CLANG_WARN_CONSTANT_CONVERSION = YES;
				CLANG_WARN_DEPRECATED_OBJC_IMPLEMENTATIONS = YES;
				CLANG_WARN_DIRECT_OBJC_ISA_USAGE = YES_ERROR;
				CLANG_WARN_DOCUMENTATION_COMMENTS = YES;
				CLANG_WARN_EMPTY_BODY = YES;
				CLANG_WARN_ENUM_CONVERSION = YES;
				CLANG_WARN_INFINITE_RECURSION = YES;
				CLANG_WARN_INT_CONVERSION = YES;
				CLANG_WARN_NON_LITERAL_NULL_CONVERSION = YES;
				CLANG_WARN_OBJC_IMPLICIT_RETAIN_SELF = YES;
				CLANG_WARN_OBJC_LITERAL_CONVERSION = YES;
				CLANG_WARN_OBJC_ROOT_CLASS = YES_ERROR;
				CLANG_WARN_QUOTED_INCLUDE_IN_FRAMEWORK_HEADER = YES;
				CLANG_WARN_RANGE_LOOP_ANALYSIS = YES;
				CLANG_WARN_STRICT_PROTOTYPES = YES;
				CLANG_WARN_SUSPICIOUS_MOVE = YES;
				CLANG_WARN_UNGUARDED_AVAILABILITY = YES_AGGRESSIVE;
				CLANG_WARN_UNREACHABLE_CODE = YES;
				CLANG_WARN__DUPLICATE_METHOD_MATCH = YES;
				COPY_PHASE_STRIP = NO;
				DEBUG_INFORMATION_FORMAT = "dwarf-with-dsym";
				ENABLE_NS_ASSERTIONS = NO;
				ENABLE_STRICT_OBJC_MSGSEND = YES;
				GCC_C_LANGUAGE_STANDARD = gnu11;
				GCC_NO_COMMON_BLOCKS = YES;
				GCC_WARN_64_TO_32_BIT_CONVERSION = YES;
				GCC_WARN_ABOUT_RETURN_TYPE = YES_ERROR;
				GCC_WARN_UNDECLARED_SELECTOR = YES;
				GCC_WARN_UNINITIALIZED_AUTOS = YES_AGGRESSIVE;
				GCC_WARN_UNUSED_FUNCTION = YES;
				GCC_WARN_UNUSED_VARIABLE = YES;
				IPHONEOS_DEPLOYMENT_TARGET = 14.5;
				MTL_ENABLE_DEBUG_INFO = NO;
				MTL_FAST_MATH = YES;
				SDKROOT = iphoneos;
				SWIFT_COMPILATION_MODE = wholemodule;
				SWIFT_OPTIMIZATION_LEVEL = "-O";
				VALIDATE_PRODUCT = YES;
			};
			name = Release;
		};
		FF158CC526F0ABEC00D4A8DC /* Debug */ = {
			isa = XCBuildConfiguration;
			buildSettings = {
				ASSETCATALOG_COMPILER_APPICON_NAME = AppIcon;
				ASSETCATALOG_COMPILER_GLOBAL_ACCENT_COLOR_NAME = AccentColor;
				CODE_SIGN_STYLE = Automatic;
				DEVELOPMENT_TEAM = H3V637RY5A;
				INFOPLIST_FILE = Diary/Info.plist;
				LD_RUNPATH_SEARCH_PATHS = (
					"$(inherited)",
					"@executable_path/Frameworks",
				);
				PRODUCT_BUNDLE_IDENTIFIER = kr.yeonpark.Diary;
				PRODUCT_NAME = "$(TARGET_NAME)";
				SWIFT_VERSION = 5.0;
				TARGETED_DEVICE_FAMILY = "1,2";
			};
			name = Debug;
		};
		FF158CC626F0ABEC00D4A8DC /* Release */ = {
			isa = XCBuildConfiguration;
			buildSettings = {
				ASSETCATALOG_COMPILER_APPICON_NAME = AppIcon;
				ASSETCATALOG_COMPILER_GLOBAL_ACCENT_COLOR_NAME = AccentColor;
				CODE_SIGN_STYLE = Automatic;
				DEVELOPMENT_TEAM = H3V637RY5A;
				INFOPLIST_FILE = Diary/Info.plist;
				LD_RUNPATH_SEARCH_PATHS = (
					"$(inherited)",
					"@executable_path/Frameworks",
				);
				PRODUCT_BUNDLE_IDENTIFIER = kr.yeonpark.Diary;
				PRODUCT_NAME = "$(TARGET_NAME)";
				SWIFT_VERSION = 5.0;
				TARGETED_DEVICE_FAMILY = "1,2";
			};
			name = Release;
		};
/* End XCBuildConfiguration section */

/* Begin XCConfigurationList section */
		FF158CAB26F0ABE900D4A8DC /* Build configuration list for PBXProject "Diary" */ = {
			isa = XCConfigurationList;
			buildConfigurations = (
				FF158CC226F0ABEC00D4A8DC /* Debug */,
				FF158CC326F0ABEC00D4A8DC /* Release */,
			);
			defaultConfigurationIsVisible = 0;
			defaultConfigurationName = Release;
		};
		FF158CC426F0ABEC00D4A8DC /* Build configuration list for PBXNativeTarget "Diary" */ = {
			isa = XCConfigurationList;
			buildConfigurations = (
				FF158CC526F0ABEC00D4A8DC /* Debug */,
				FF158CC626F0ABEC00D4A8DC /* Release */,
			);
			defaultConfigurationIsVisible = 0;
			defaultConfigurationName = Release;
		};
/* End XCConfigurationList section */
	};
	rootObject = FF158CA826F0ABE900D4A8DC /* Project object */;
}
