// !$*UTF8*$!
{
	archiveVersion = 1;
	classes = {
	};
	objectVersion = 50;
	objects = {

/* Begin PBXBuildFile section */
		FF3810AE2684F4D000521EFA /* MySNSAppApp.swift in Sources */ = {isa = PBXBuildFile; fileRef = FF3810AD2684F4D000521EFA /* MySNSAppApp.swift */; };
		FF3810B02684F4D000521EFA /* ContentView.swift in Sources */ = {isa = PBXBuildFile; fileRef = FF3810AF2684F4D000521EFA /* ContentView.swift */; };
		FF3810B22684F4D100521EFA /* Assets.xcassets in Resources */ = {isa = PBXBuildFile; fileRef = FF3810B12684F4D100521EFA /* Assets.xcassets */; };
		FF3810B52684F4D100521EFA /* Preview Assets.xcassets in Resources */ = {isa = PBXBuildFile; fileRef = FF3810B42684F4D100521EFA /* Preview Assets.xcassets */; };
		FF3810BE2684F67000521EFA /* UserCell.swift in Sources */ = {isa = PBXBuildFile; fileRef = FF3810BD2684F67000521EFA /* UserCell.swift */; };
		FF3810C02684FBED00521EFA /* FriendsView.swift in Sources */ = {isa = PBXBuildFile; fileRef = FF3810BF2684FBED00521EFA /* FriendsView.swift */; };
		FF3810C5268614C000521EFA /* NavigationBarHidden.swift in Sources */ = {isa = PBXBuildFile; fileRef = FF3810C4268614C000521EFA /* NavigationBarHidden.swift */; };
		FF3810C726861AB900521EFA /* SearchBar.swift in Sources */ = {isa = PBXBuildFile; fileRef = FF3810C626861AB900521EFA /* SearchBar.swift */; };
		FF3810CA2688808300521EFA /* Profile.swift in Sources */ = {isa = PBXBuildFile; fileRef = FF3810C92688808300521EFA /* Profile.swift */; };
		FFAFFE2F269219CC00BAF13F /* SettingProfileInfoView.swift in Sources */ = {isa = PBXBuildFile; fileRef = FFAFFE2E269219CC00BAF13F /* SettingProfileInfoView.swift */; };
/* End PBXBuildFile section */

/* Begin PBXFileReference section */
		FF3810AA2684F4D000521EFA /* MySNSApp.app */ = {isa = PBXFileReference; explicitFileType = wrapper.application; includeInIndex = 0; path = MySNSApp.app; sourceTree = BUILT_PRODUCTS_DIR; };
		FF3810AD2684F4D000521EFA /* MySNSAppApp.swift */ = {isa = PBXFileReference; lastKnownFileType = sourcecode.swift; path = MySNSAppApp.swift; sourceTree = "<group>"; };
		FF3810AF2684F4D000521EFA /* ContentView.swift */ = {isa = PBXFileReference; lastKnownFileType = sourcecode.swift; path = ContentView.swift; sourceTree = "<group>"; };
		FF3810B12684F4D100521EFA /* Assets.xcassets */ = {isa = PBXFileReference; lastKnownFileType = folder.assetcatalog; path = Assets.xcassets; sourceTree = "<group>"; };
		FF3810B42684F4D100521EFA /* Preview Assets.xcassets */ = {isa = PBXFileReference; lastKnownFileType = folder.assetcatalog; path = "Preview Assets.xcassets"; sourceTree = "<group>"; };
		FF3810B62684F4D100521EFA /* Info.plist */ = {isa = PBXFileReference; lastKnownFileType = text.plist.xml; path = Info.plist; sourceTree = "<group>"; };
		FF3810BD2684F67000521EFA /* UserCell.swift */ = {isa = PBXFileReference; lastKnownFileType = sourcecode.swift; path = UserCell.swift; sourceTree = "<group>"; };
		FF3810BF2684FBED00521EFA /* FriendsView.swift */ = {isa = PBXFileReference; lastKnownFileType = sourcecode.swift; path = FriendsView.swift; sourceTree = "<group>"; };
		FF3810C4268614C000521EFA /* NavigationBarHidden.swift */ = {isa = PBXFileReference; lastKnownFileType = sourcecode.swift; path = NavigationBarHidden.swift; sourceTree = "<group>"; };
		FF3810C626861AB900521EFA /* SearchBar.swift */ = {isa = PBXFileReference; lastKnownFileType = sourcecode.swift; path = SearchBar.swift; sourceTree = "<group>"; };
		FF3810C92688808300521EFA /* Profile.swift */ = {isa = PBXFileReference; lastKnownFileType = sourcecode.swift; path = Profile.swift; sourceTree = "<group>"; };
		FFAFFE2E269219CC00BAF13F /* SettingProfileInfoView.swift */ = {isa = PBXFileReference; lastKnownFileType = sourcecode.swift; path = SettingProfileInfoView.swift; sourceTree = "<group>"; };
/* End PBXFileReference section */

/* Begin PBXFrameworksBuildPhase section */
		FF3810A72684F4D000521EFA /* Frameworks */ = {
			isa = PBXFrameworksBuildPhase;
			buildActionMask = 2147483647;
			files = (
			);
			runOnlyForDeploymentPostprocessing = 0;
		};
/* End PBXFrameworksBuildPhase section */

/* Begin PBXGroup section */
		FF3810A12684F4D000521EFA = {
			isa = PBXGroup;
			children = (
				FF3810AC2684F4D000521EFA /* MySNSApp */,
				FF3810AB2684F4D000521EFA /* Products */,
			);
			sourceTree = "<group>";
		};
		FF3810AB2684F4D000521EFA /* Products */ = {
			isa = PBXGroup;
			children = (
				FF3810AA2684F4D000521EFA /* MySNSApp.app */,
			);
			name = Products;
			sourceTree = "<group>";
		};
		FF3810AC2684F4D000521EFA /* MySNSApp */ = {
			isa = PBXGroup;
			children = (
				FF3810C82687906000521EFA /* Model */,
				FF3810C3268614A800521EFA /* Util */,
				FF3810BC2684F4DC00521EFA /* View */,
				FF3810AD2684F4D000521EFA /* MySNSAppApp.swift */,
				FF3810B12684F4D100521EFA /* Assets.xcassets */,
				FF3810B62684F4D100521EFA /* Info.plist */,
				FF3810B32684F4D100521EFA /* Preview Content */,
			);
			path = MySNSApp;
			sourceTree = "<group>";
		};
		FF3810B32684F4D100521EFA /* Preview Content */ = {
			isa = PBXGroup;
			children = (
				FF3810B42684F4D100521EFA /* Preview Assets.xcassets */,
			);
			path = "Preview Content";
			sourceTree = "<group>";
		};
		FF3810BC2684F4DC00521EFA /* View */ = {
			isa = PBXGroup;
			children = (
				FF3810AF2684F4D000521EFA /* ContentView.swift */,
				FF3810BD2684F67000521EFA /* UserCell.swift */,
				FF3810BF2684FBED00521EFA /* FriendsView.swift */,
				FF3810C626861AB900521EFA /* SearchBar.swift */,
				FFAFFE2E269219CC00BAF13F /* SettingProfileInfoView.swift */,
			);
			path = View;
			sourceTree = "<group>";
		};
		FF3810C3268614A800521EFA /* Util */ = {
			isa = PBXGroup;
			children = (
				FF3810C4268614C000521EFA /* NavigationBarHidden.swift */,
			);
			path = Util;
			sourceTree = "<group>";
		};
		FF3810C82687906000521EFA /* Model */ = {
			isa = PBXGroup;
			children = (
				FF3810C92688808300521EFA /* Profile.swift */,
			);
			path = Model;
			sourceTree = "<group>";
		};
/* End PBXGroup section */

/* Begin PBXNativeTarget section */
		FF3810A92684F4D000521EFA /* MySNSApp */ = {
			isa = PBXNativeTarget;
			buildConfigurationList = FF3810B92684F4D100521EFA /* Build configuration list for PBXNativeTarget "MySNSApp" */;
			buildPhases = (
				FF3810A62684F4D000521EFA /* Sources */,
				FF3810A72684F4D000521EFA /* Frameworks */,
				FF3810A82684F4D000521EFA /* Resources */,
			);
			buildRules = (
			);
			dependencies = (
			);
			name = MySNSApp;
			productName = MySNSApp;
			productReference = FF3810AA2684F4D000521EFA /* MySNSApp.app */;
			productType = "com.apple.product-type.application";
		};
/* End PBXNativeTarget section */

/* Begin PBXProject section */
		FF3810A22684F4D000521EFA /* Project object */ = {
			isa = PBXProject;
			attributes = {
				LastSwiftUpdateCheck = 1250;
				LastUpgradeCheck = 1250;
				TargetAttributes = {
					FF3810A92684F4D000521EFA = {
						CreatedOnToolsVersion = 12.5.1;
					};
				};
			};
			buildConfigurationList = FF3810A52684F4D000521EFA /* Build configuration list for PBXProject "MySNSApp" */;
			compatibilityVersion = "Xcode 9.3";
			developmentRegion = en;
			hasScannedForEncodings = 0;
			knownRegions = (
				en,
				Base,
			);
			mainGroup = FF3810A12684F4D000521EFA;
			productRefGroup = FF3810AB2684F4D000521EFA /* Products */;
			projectDirPath = "";
			projectRoot = "";
			targets = (
				FF3810A92684F4D000521EFA /* MySNSApp */,
			);
		};
/* End PBXProject section */

/* Begin PBXResourcesBuildPhase section */
		FF3810A82684F4D000521EFA /* Resources */ = {
			isa = PBXResourcesBuildPhase;
			buildActionMask = 2147483647;
			files = (
				FF3810B52684F4D100521EFA /* Preview Assets.xcassets in Resources */,
				FF3810B22684F4D100521EFA /* Assets.xcassets in Resources */,
			);
			runOnlyForDeploymentPostprocessing = 0;
		};
/* End PBXResourcesBuildPhase section */

/* Begin PBXSourcesBuildPhase section */
		FF3810A62684F4D000521EFA /* Sources */ = {
			isa = PBXSourcesBuildPhase;
			buildActionMask = 2147483647;
			files = (
				FF3810C726861AB900521EFA /* SearchBar.swift in Sources */,
				FF3810B02684F4D000521EFA /* ContentView.swift in Sources */,
				FF3810AE2684F4D000521EFA /* MySNSAppApp.swift in Sources */,
				FF3810CA2688808300521EFA /* Profile.swift in Sources */,
				FF3810C02684FBED00521EFA /* FriendsView.swift in Sources */,
				FFAFFE2F269219CC00BAF13F /* SettingProfileInfoView.swift in Sources */,
				FF3810BE2684F67000521EFA /* UserCell.swift in Sources */,
				FF3810C5268614C000521EFA /* NavigationBarHidden.swift in Sources */,
			);
			runOnlyForDeploymentPostprocessing = 0;
		};
/* End PBXSourcesBuildPhase section */

/* Begin XCBuildConfiguration section */
		FF3810B72684F4D100521EFA /* Debug */ = {
			isa = XCBuildConfiguration;
			buildSettings = {
				ALWAYS_SEARCH_USER_PATHS = NO;
				CLANG_ANALYZER_NONNULL = YES;
				CLANG_ANALYZER_NUMBER_OBJECT_CONVERSION = YES_AGGRESSIVE;
				CLANG_CXX_LANGUAGE_STANDARD = "gnu++14";
				CLANG_CXX_LIBRARY = "libc++";
				CLANG_ENABLE_MODULES = YES;
				CLANG_ENABLE_OBJC_ARC = YES;
				CLANG_ENABLE_OBJC_WEAK = YES;
				CLANG_WARN_BLOCK_CAPTURE_AUTORELEASING = YES;
				CLANG_WARN_BOOL_CONVERSION = YES;
				CLANG_WARN_COMMA = YES;
				CLANG_WARN_CONSTANT_CONVERSION = YES;
				CLANG_WARN_DEPRECATED_OBJC_IMPLEMENTATIONS = YES;
				CLANG_WARN_DIRECT_OBJC_ISA_USAGE = YES_ERROR;
				CLANG_WARN_DOCUMENTATION_COMMENTS = YES;
				CLANG_WARN_EMPTY_BODY = YES;
				CLANG_WARN_ENUM_CONVERSION = YES;
				CLANG_WARN_INFINITE_RECURSION = YES;
				CLANG_WARN_INT_CONVERSION = YES;
				CLANG_WARN_NON_LITERAL_NULL_CONVERSION = YES;
				CLANG_WARN_OBJC_IMPLICIT_RETAIN_SELF = YES;
				CLANG_WARN_OBJC_LITERAL_CONVERSION = YES;
				CLANG_WARN_OBJC_ROOT_CLASS = YES_ERROR;
				CLANG_WARN_QUOTED_INCLUDE_IN_FRAMEWORK_HEADER = YES;
				CLANG_WARN_RANGE_LOOP_ANALYSIS = YES;
				CLANG_WARN_STRICT_PROTOTYPES = YES;
				CLANG_WARN_SUSPICIOUS_MOVE = YES;
				CLANG_WARN_UNGUARDED_AVAILABILITY = YES_AGGRESSIVE;
				CLANG_WARN_UNREACHABLE_CODE = YES;
				CLANG_WARN__DUPLICATE_METHOD_MATCH = YES;
				COPY_PHASE_STRIP = NO;
				DEBUG_INFORMATION_FORMAT = dwarf;
				ENABLE_STRICT_OBJC_MSGSEND = YES;
				ENABLE_TESTABILITY = YES;
				GCC_C_LANGUAGE_STANDARD = gnu11;
				GCC_DYNAMIC_NO_PIC = NO;
				GCC_NO_COMMON_BLOCKS = YES;
				GCC_OPTIMIZATION_LEVEL = 0;
				GCC_PREPROCESSOR_DEFINITIONS = (
					"DEBUG=1",
					"$(inherited)",
				);
				GCC_WARN_64_TO_32_BIT_CONVERSION = YES;
				GCC_WARN_ABOUT_RETURN_TYPE = YES_ERROR;
				GCC_WARN_UNDECLARED_SELECTOR = YES;
				GCC_WARN_UNINITIALIZED_AUTOS = YES_AGGRESSIVE;
				GCC_WARN_UNUSED_FUNCTION = YES;
				GCC_WARN_UNUSED_VARIABLE = YES;
				IPHONEOS_DEPLOYMENT_TARGET = 14.5;
				MTL_ENABLE_DEBUG_INFO = INCLUDE_SOURCE;
				MTL_FAST_MATH = YES;
				ONLY_ACTIVE_ARCH = YES;
				SDKROOT = iphoneos;
				SWIFT_ACTIVE_COMPILATION_CONDITIONS = DEBUG;
				SWIFT_OPTIMIZATION_LEVEL = "-Onone";
			};
			name = Debug;
		};
		FF3810B82684F4D100521EFA /* Release */ = {
			isa = XCBuildConfiguration;
			buildSettings = {
				ALWAYS_SEARCH_USER_PATHS = NO;
				CLANG_ANALYZER_NONNULL = YES;
				CLANG_ANALYZER_NUMBER_OBJECT_CONVERSION = YES_AGGRESSIVE;
				CLANG_CXX_LANGUAGE_STANDARD = "gnu++14";
				CLANG_CXX_LIBRARY = "libc++";
				CLANG_ENABLE_MODULES = YES;
				CLANG_ENABLE_OBJC_ARC = YES;
				CLANG_ENABLE_OBJC_WEAK = YES;
				CLANG_WARN_BLOCK_CAPTURE_AUTORELEASING = YES;
				CLANG_WARN_BOOL_CONVERSION = YES;
				CLANG_WARN_COMMA = YES;
				CLANG_WARN_CONSTANT_CONVERSION = YES;
				CLANG_WARN_DEPRECATED_OBJC_IMPLEMENTATIONS = YES;
				CLANG_WARN_DIRECT_OBJC_ISA_USAGE = YES_ERROR;
				CLANG_WARN_DOCUMENTATION_COMMENTS = YES;
				CLANG_WARN_EMPTY_BODY = YES;
				CLANG_WARN_ENUM_CONVERSION = YES;
				CLANG_WARN_INFINITE_RECURSION = YES;
				CLANG_WARN_INT_CONVERSION = YES;
				CLANG_WARN_NON_LITERAL_NULL_CONVERSION = YES;
				CLANG_WARN_OBJC_IMPLICIT_RETAIN_SELF = YES;
				CLANG_WARN_OBJC_LITERAL_CONVERSION = YES;
				CLANG_WARN_OBJC_ROOT_CLASS = YES_ERROR;
				CLANG_WARN_QUOTED_INCLUDE_IN_FRAMEWORK_HEADER = YES;
				CLANG_WARN_RANGE_LOOP_ANALYSIS = YES;
				CLANG_WARN_STRICT_PROTOTYPES = YES;
				CLANG_WARN_SUSPICIOUS_MOVE = YES;
				CLANG_WARN_UNGUARDED_AVAILABILITY = YES_AGGRESSIVE;
				CLANG_WARN_UNREACHABLE_CODE = YES;
				CLANG_WARN__DUPLICATE_METHOD_MATCH = YES;
				COPY_PHASE_STRIP = NO;
				DEBUG_INFORMATION_FORMAT = "dwarf-with-dsym";
				ENABLE_NS_ASSERTIONS = NO;
				ENABLE_STRICT_OBJC_MSGSEND = YES;
				GCC_C_LANGUAGE_STANDARD = gnu11;
				GCC_NO_COMMON_BLOCKS = YES;
				GCC_WARN_64_TO_32_BIT_CONVERSION = YES;
				GCC_WARN_ABOUT_RETURN_TYPE = YES_ERROR;
				GCC_WARN_UNDECLARED_SELECTOR = YES;
				GCC_WARN_UNINITIALIZED_AUTOS = YES_AGGRESSIVE;
				GCC_WARN_UNUSED_FUNCTION = YES;
				GCC_WARN_UNUSED_VARIABLE = YES;
				IPHONEOS_DEPLOYMENT_TARGET = 14.5;
				MTL_ENABLE_DEBUG_INFO = NO;
				MTL_FAST_MATH = YES;
				SDKROOT = iphoneos;
				SWIFT_COMPILATION_MODE = wholemodule;
				SWIFT_OPTIMIZATION_LEVEL = "-O";
				VALIDATE_PRODUCT = YES;
			};
			name = Release;
		};
		FF3810BA2684F4D100521EFA /* Debug */ = {
			isa = XCBuildConfiguration;
			buildSettings = {
				ASSETCATALOG_COMPILER_APPICON_NAME = AppIcon;
				ASSETCATALOG_COMPILER_GLOBAL_ACCENT_COLOR_NAME = AccentColor;
				CODE_SIGN_STYLE = Automatic;
				DEVELOPMENT_ASSET_PATHS = "\"MySNSApp/Preview Content\"";
				DEVELOPMENT_TEAM = H3V637RY5A;
				ENABLE_PREVIEWS = YES;
				INFOPLIST_FILE = MySNSApp/Info.plist;
				IPHONEOS_DEPLOYMENT_TARGET = 14.0;
				LD_RUNPATH_SEARCH_PATHS = (
					"$(inherited)",
					"@executable_path/Frameworks",
				);
				PRODUCT_BUNDLE_IDENTIFIER = kr.yeonpark.MySNSApp;
				PRODUCT_NAME = "$(TARGET_NAME)";
				SWIFT_VERSION = 5.0;
				TARGETED_DEVICE_FAMILY = "1,2";
			};
			name = Debug;
		};
		FF3810BB2684F4D100521EFA /* Release */ = {
			isa = XCBuildConfiguration;
			buildSettings = {
				ASSETCATALOG_COMPILER_APPICON_NAME = AppIcon;
				ASSETCATALOG_COMPILER_GLOBAL_ACCENT_COLOR_NAME = AccentColor;
				CODE_SIGN_STYLE = Automatic;
				DEVELOPMENT_ASSET_PATHS = "\"MySNSApp/Preview Content\"";
				DEVELOPMENT_TEAM = H3V637RY5A;
				ENABLE_PREVIEWS = YES;
				INFOPLIST_FILE = MySNSApp/Info.plist;
				IPHONEOS_DEPLOYMENT_TARGET = 14.0;
				LD_RUNPATH_SEARCH_PATHS = (
					"$(inherited)",
					"@executable_path/Frameworks",
				);
				PRODUCT_BUNDLE_IDENTIFIER = kr.yeonpark.MySNSApp;
				PRODUCT_NAME = "$(TARGET_NAME)";
				SWIFT_VERSION = 5.0;
				TARGETED_DEVICE_FAMILY = "1,2";
			};
			name = Release;
		};
/* End XCBuildConfiguration section */

/* Begin XCConfigurationList section */
		FF3810A52684F4D000521EFA /* Build configuration list for PBXProject "MySNSApp" */ = {
			isa = XCConfigurationList;
			buildConfigurations = (
				FF3810B72684F4D100521EFA /* Debug */,
				FF3810B82684F4D100521EFA /* Release */,
			);
			defaultConfigurationIsVisible = 0;
			defaultConfigurationName = Release;
		};
		FF3810B92684F4D100521EFA /* Build configuration list for PBXNativeTarget "MySNSApp" */ = {
			isa = XCConfigurationList;
			buildConfigurations = (
				FF3810BA2684F4D100521EFA /* Debug */,
				FF3810BB2684F4D100521EFA /* Release */,
			);
			defaultConfigurationIsVisible = 0;
			defaultConfigurationName = Release;
		};
/* End XCConfigurationList section */
	};
	rootObject = FF3810A22684F4D000521EFA /* Project object */;
}
