// !$*UTF8*$!
{
	archiveVersion = 1;
	classes = {
	};
	objectVersion = 50;
	objects = {

/* Begin PBXBuildFile section */
		FFAC2FE926EE4D8100196681 /* AppDelegate.swift in Sources */ = {isa = PBXBuildFile; fileRef = FFAC2FE826EE4D8100196681 /* AppDelegate.swift */; };
		FFAC2FEB26EE4D8100196681 /* SceneDelegate.swift in Sources */ = {isa = PBXBuildFile; fileRef = FFAC2FEA26EE4D8100196681 /* SceneDelegate.swift */; };
		FFAC2FED26EE4D8100196681 /* ViewController.swift in Sources */ = {isa = PBXBuildFile; fileRef = FFAC2FEC26EE4D8100196681 /* ViewController.swift */; };
		FFAC2FF026EE4D8100196681 /* Main.storyboard in Resources */ = {isa = PBXBuildFile; fileRef = FFAC2FEE26EE4D8100196681 /* Main.storyboard */; };
		FFAC2FF226EE4D8400196681 /* Assets.xcassets in Resources */ = {isa = PBXBuildFile; fileRef = FFAC2FF126EE4D8400196681 /* Assets.xcassets */; };
		FFAC2FF526EE4D8400196681 /* LaunchScreen.storyboard in Resources */ = {isa = PBXBuildFile; fileRef = FFAC2FF326EE4D8400196681 /* LaunchScreen.storyboard */; };
/* End PBXBuildFile section */

/* Begin PBXFileReference section */
		FFAC2FE526EE4D8100196681 /* VoiceRecoder.app */ = {isa = PBXFileReference; explicitFileType = wrapper.application; includeInIndex = 0; path = VoiceRecoder.app; sourceTree = BUILT_PRODUCTS_DIR; };
		FFAC2FE826EE4D8100196681 /* AppDelegate.swift */ = {isa = PBXFileReference; lastKnownFileType = sourcecode.swift; path = AppDelegate.swift; sourceTree = "<group>"; };
		FFAC2FEA26EE4D8100196681 /* SceneDelegate.swift */ = {isa = PBXFileReference; lastKnownFileType = sourcecode.swift; path = SceneDelegate.swift; sourceTree = "<group>"; };
		FFAC2FEC26EE4D8100196681 /* ViewController.swift */ = {isa = PBXFileReference; lastKnownFileType = sourcecode.swift; path = ViewController.swift; sourceTree = "<group>"; };
		FFAC2FEF26EE4D8100196681 /* Base */ = {isa = PBXFileReference; lastKnownFileType = file.storyboard; name = Base; path = Base.lproj/Main.storyboard; sourceTree = "<group>"; };
		FFAC2FF126EE4D8400196681 /* Assets.xcassets */ = {isa = PBXFileReference; lastKnownFileType = folder.assetcatalog; path = Assets.xcassets; sourceTree = "<group>"; };
		FFAC2FF426EE4D8400196681 /* Base */ = {isa = PBXFileReference; lastKnownFileType = file.storyboard; name = Base; path = Base.lproj/LaunchScreen.storyboard; sourceTree = "<group>"; };
		FFAC2FF626EE4D8400196681 /* Info.plist */ = {isa = PBXFileReference; lastKnownFileType = text.plist.xml; path = Info.plist; sourceTree = "<group>"; };
/* End PBXFileReference section */

/* Begin PBXFrameworksBuildPhase section */
		FFAC2FE226EE4D8100196681 /* Frameworks */ = {
			isa = PBXFrameworksBuildPhase;
			buildActionMask = 2147483647;
			files = (
			);
			runOnlyForDeploymentPostprocessing = 0;
		};
/* End PBXFrameworksBuildPhase section */

/* Begin PBXGroup section */
		FFAC2FDC26EE4D8100196681 = {
			isa = PBXGroup;
			children = (
				FFAC2FE726EE4D8100196681 /* VoiceRecoder */,
				FFAC2FE626EE4D8100196681 /* Products */,
			);
			sourceTree = "<group>";
		};
		FFAC2FE626EE4D8100196681 /* Products */ = {
			isa = PBXGroup;
			children = (
				FFAC2FE526EE4D8100196681 /* VoiceRecoder.app */,
			);
			name = Products;
			sourceTree = "<group>";
		};
		FFAC2FE726EE4D8100196681 /* VoiceRecoder */ = {
			isa = PBXGroup;
			children = (
				FFAC300026EE4DB000196681 /* Resource */,
				FFAC2FFF26EE4DAB00196681 /* View */,
				FFAC2FFE26EE4DA300196681 /* Model */,
				FFAC2FFD26EE4D9F00196681 /* SB */,
				FFAC2FFC26EE4D9800196681 /* VC */,
				FFAC2FF626EE4D8400196681 /* Info.plist */,
			);
			path = VoiceRecoder;
			sourceTree = "<group>";
		};
		FFAC2FFC26EE4D9800196681 /* VC */ = {
			isa = PBXGroup;
			children = (
				FFAC2FEC26EE4D8100196681 /* ViewController.swift */,
			);
			path = VC;
			sourceTree = "<group>";
		};
		FFAC2FFD26EE4D9F00196681 /* SB */ = {
			isa = PBXGroup;
			children = (
				FFAC2FEE26EE4D8100196681 /* Main.storyboard */,
				FFAC2FF326EE4D8400196681 /* LaunchScreen.storyboard */,
			);
			path = SB;
			sourceTree = "<group>";
		};
		FFAC2FFE26EE4DA300196681 /* Model */ = {
			isa = PBXGroup;
			children = (
			);
			path = Model;
			sourceTree = "<group>";
		};
		FFAC2FFF26EE4DAB00196681 /* View */ = {
			isa = PBXGroup;
			children = (
			);
			path = View;
			sourceTree = "<group>";
		};
		FFAC300026EE4DB000196681 /* Resource */ = {
			isa = PBXGroup;
			children = (
				FFAC2FE826EE4D8100196681 /* AppDelegate.swift */,
				FFAC2FEA26EE4D8100196681 /* SceneDelegate.swift */,
				FFAC2FF126EE4D8400196681 /* Assets.xcassets */,
			);
			path = Resource;
			sourceTree = "<group>";
		};
/* End PBXGroup section */

/* Begin PBXNativeTarget section */
		FFAC2FE426EE4D8100196681 /* VoiceRecoder */ = {
			isa = PBXNativeTarget;
			buildConfigurationList = FFAC2FF926EE4D8400196681 /* Build configuration list for PBXNativeTarget "VoiceRecoder" */;
			buildPhases = (
				FFAC2FE126EE4D8100196681 /* Sources */,
				FFAC2FE226EE4D8100196681 /* Frameworks */,
				FFAC2FE326EE4D8100196681 /* Resources */,
			);
			buildRules = (
			);
			dependencies = (
			);
			name = VoiceRecoder;
			productName = VoiceRecoder;
			productReference = FFAC2FE526EE4D8100196681 /* VoiceRecoder.app */;
			productType = "com.apple.product-type.application";
		};
/* End PBXNativeTarget section */

/* Begin PBXProject section */
		FFAC2FDD26EE4D8100196681 /* Project object */ = {
			isa = PBXProject;
			attributes = {
				LastSwiftUpdateCheck = 1250;
				LastUpgradeCheck = 1250;
				TargetAttributes = {
					FFAC2FE426EE4D8100196681 = {
						CreatedOnToolsVersion = 12.5.1;
					};
				};
			};
			buildConfigurationList = FFAC2FE026EE4D8100196681 /* Build configuration list for PBXProject "VoiceRecoder" */;
			compatibilityVersion = "Xcode 9.3";
			developmentRegion = en;
			hasScannedForEncodings = 0;
			knownRegions = (
				en,
				Base,
			);
			mainGroup = FFAC2FDC26EE4D8100196681;
			productRefGroup = FFAC2FE626EE4D8100196681 /* Products */;
			projectDirPath = "";
			projectRoot = "";
			targets = (
				FFAC2FE426EE4D8100196681 /* VoiceRecoder */,
			);
		};
/* End PBXProject section */

/* Begin PBXResourcesBuildPhase section */
		FFAC2FE326EE4D8100196681 /* Resources */ = {
			isa = PBXResourcesBuildPhase;
			buildActionMask = 2147483647;
			files = (
				FFAC2FF526EE4D8400196681 /* LaunchScreen.storyboard in Resources */,
				FFAC2FF226EE4D8400196681 /* Assets.xcassets in Resources */,
				FFAC2FF026EE4D8100196681 /* Main.storyboard in Resources */,
			);
			runOnlyForDeploymentPostprocessing = 0;
		};
/* End PBXResourcesBuildPhase section */

/* Begin PBXSourcesBuildPhase section */
		FFAC2FE126EE4D8100196681 /* Sources */ = {
			isa = PBXSourcesBuildPhase;
			buildActionMask = 2147483647;
			files = (
				FFAC2FED26EE4D8100196681 /* ViewController.swift in Sources */,
				FFAC2FE926EE4D8100196681 /* AppDelegate.swift in Sources */,
				FFAC2FEB26EE4D8100196681 /* SceneDelegate.swift in Sources */,
			);
			runOnlyForDeploymentPostprocessing = 0;
		};
/* End PBXSourcesBuildPhase section */

/* Begin PBXVariantGroup section */
		FFAC2FEE26EE4D8100196681 /* Main.storyboard */ = {
			isa = PBXVariantGroup;
			children = (
				FFAC2FEF26EE4D8100196681 /* Base */,
			);
			name = Main.storyboard;
			sourceTree = "<group>";
		};
		FFAC2FF326EE4D8400196681 /* LaunchScreen.storyboard */ = {
			isa = PBXVariantGroup;
			children = (
				FFAC2FF426EE4D8400196681 /* Base */,
			);
			name = LaunchScreen.storyboard;
			sourceTree = "<group>";
		};
/* End PBXVariantGroup section */

/* Begin XCBuildConfiguration section */
		FFAC2FF726EE4D8400196681 /* Debug */ = {
			isa = XCBuildConfiguration;
			buildSettings = {
				ALWAYS_SEARCH_USER_PATHS = NO;
				CLANG_ANALYZER_NONNULL = YES;
				CLANG_ANALYZER_NUMBER_OBJECT_CONVERSION = YES_AGGRESSIVE;
				CLANG_CXX_LANGUAGE_STANDARD = "gnu++14";
				CLANG_CXX_LIBRARY = "libc++";
				CLANG_ENABLE_MODULES = YES;
				CLANG_ENABLE_OBJC_ARC = YES;
				CLANG_ENABLE_OBJC_WEAK = YES;
				CLANG_WARN_BLOCK_CAPTURE_AUTORELEASING = YES;
				CLANG_WARN_BOOL_CONVERSION = YES;
				CLANG_WARN_COMMA = YES;
				CLANG_WARN_CONSTANT_CONVERSION = YES;
				CLANG_WARN_DEPRECATED_OBJC_IMPLEMENTATIONS = YES;
				CLANG_WARN_DIRECT_OBJC_ISA_USAGE = YES_ERROR;
				CLANG_WARN_DOCUMENTATION_COMMENTS = YES;
				CLANG_WARN_EMPTY_BODY = YES;
				CLANG_WARN_ENUM_CONVERSION = YES;
				CLANG_WARN_INFINITE_RECURSION = YES;
				CLANG_WARN_INT_CONVERSION = YES;
				CLANG_WARN_NON_LITERAL_NULL_CONVERSION = YES;
				CLANG_WARN_OBJC_IMPLICIT_RETAIN_SELF = YES;
				CLANG_WARN_OBJC_LITERAL_CONVERSION = YES;
				CLANG_WARN_OBJC_ROOT_CLASS = YES_ERROR;
				CLANG_WARN_QUOTED_INCLUDE_IN_FRAMEWORK_HEADER = YES;
				CLANG_WARN_RANGE_LOOP_ANALYSIS = YES;
				CLANG_WARN_STRICT_PROTOTYPES = YES;
				CLANG_WARN_SUSPICIOUS_MOVE = YES;
				CLANG_WARN_UNGUARDED_AVAILABILITY = YES_AGGRESSIVE;
				CLANG_WARN_UNREACHABLE_CODE = YES;
				CLANG_WARN__DUPLICATE_METHOD_MATCH = YES;
				COPY_PHASE_STRIP = NO;
				DEBUG_INFORMATION_FORMAT = dwarf;
				ENABLE_STRICT_OBJC_MSGSEND = YES;
				ENABLE_TESTABILITY = YES;
				GCC_C_LANGUAGE_STANDARD = gnu11;
				GCC_DYNAMIC_NO_PIC = NO;
				GCC_NO_COMMON_BLOCKS = YES;
				GCC_OPTIMIZATION_LEVEL = 0;
				GCC_PREPROCESSOR_DEFINITIONS = (
					"DEBUG=1",
					"$(inherited)",
				);
				GCC_WARN_64_TO_32_BIT_CONVERSION = YES;
				GCC_WARN_ABOUT_RETURN_TYPE = YES_ERROR;
				GCC_WARN_UNDECLARED_SELECTOR = YES;
				GCC_WARN_UNINITIALIZED_AUTOS = YES_AGGRESSIVE;
				GCC_WARN_UNUSED_FUNCTION = YES;
				GCC_WARN_UNUSED_VARIABLE = YES;
				IPHONEOS_DEPLOYMENT_TARGET = 14.5;
				MTL_ENABLE_DEBUG_INFO = INCLUDE_SOURCE;
				MTL_FAST_MATH = YES;
				ONLY_ACTIVE_ARCH = YES;
				SDKROOT = iphoneos;
				SWIFT_ACTIVE_COMPILATION_CONDITIONS = DEBUG;
				SWIFT_OPTIMIZATION_LEVEL = "-Onone";
			};
			name = Debug;
		};
		FFAC2FF826EE4D8400196681 /* Release */ = {
			isa = XCBuildConfiguration;
			buildSettings = {
				ALWAYS_SEARCH_USER_PATHS = NO;
				CLANG_ANALYZER_NONNULL = YES;
				CLANG_ANALYZER_NUMBER_OBJECT_CONVERSION = YES_AGGRESSIVE;
				CLANG_CXX_LANGUAGE_STANDARD = "gnu++14";
				CLANG_CXX_LIBRARY = "libc++";
				CLANG_ENABLE_MODULES = YES;
				CLANG_ENABLE_OBJC_ARC = YES;
				CLANG_ENABLE_OBJC_WEAK = YES;
				CLANG_WARN_BLOCK_CAPTURE_AUTORELEASING = YES;
				CLANG_WARN_BOOL_CONVERSION = YES;
				CLANG_WARN_COMMA = YES;
				CLANG_WARN_CONSTANT_CONVERSION = YES;
				CLANG_WARN_DEPRECATED_OBJC_IMPLEMENTATIONS = YES;
				CLANG_WARN_DIRECT_OBJC_ISA_USAGE = YES_ERROR;
				CLANG_WARN_DOCUMENTATION_COMMENTS = YES;
				CLANG_WARN_EMPTY_BODY = YES;
				CLANG_WARN_ENUM_CONVERSION = YES;
				CLANG_WARN_INFINITE_RECURSION = YES;
				CLANG_WARN_INT_CONVERSION = YES;
				CLANG_WARN_NON_LITERAL_NULL_CONVERSION = YES;
				CLANG_WARN_OBJC_IMPLICIT_RETAIN_SELF = YES;
				CLANG_WARN_OBJC_LITERAL_CONVERSION = YES;
				CLANG_WARN_OBJC_ROOT_CLASS = YES_ERROR;
				CLANG_WARN_QUOTED_INCLUDE_IN_FRAMEWORK_HEADER = YES;
				CLANG_WARN_RANGE_LOOP_ANALYSIS = YES;
				CLANG_WARN_STRICT_PROTOTYPES = YES;
				CLANG_WARN_SUSPICIOUS_MOVE = YES;
				CLANG_WARN_UNGUARDED_AVAILABILITY = YES_AGGRESSIVE;
				CLANG_WARN_UNREACHABLE_CODE = YES;
				CLANG_WARN__DUPLICATE_METHOD_MATCH = YES;
				COPY_PHASE_STRIP = NO;
				DEBUG_INFORMATION_FORMAT = "dwarf-with-dsym";
				ENABLE_NS_ASSERTIONS = NO;
				ENABLE_STRICT_OBJC_MSGSEND = YES;
				GCC_C_LANGUAGE_STANDARD = gnu11;
				GCC_NO_COMMON_BLOCKS = YES;
				GCC_WARN_64_TO_32_BIT_CONVERSION = YES;
				GCC_WARN_ABOUT_RETURN_TYPE = YES_ERROR;
				GCC_WARN_UNDECLARED_SELECTOR = YES;
				GCC_WARN_UNINITIALIZED_AUTOS = YES_AGGRESSIVE;
				GCC_WARN_UNUSED_FUNCTION = YES;
				GCC_WARN_UNUSED_VARIABLE = YES;
				IPHONEOS_DEPLOYMENT_TARGET = 14.5;
				MTL_ENABLE_DEBUG_INFO = NO;
				MTL_FAST_MATH = YES;
				SDKROOT = iphoneos;
				SWIFT_COMPILATION_MODE = wholemodule;
				SWIFT_OPTIMIZATION_LEVEL = "-O";
				VALIDATE_PRODUCT = YES;
			};
			name = Release;
		};
		FFAC2FFA26EE4D8400196681 /* Debug */ = {
			isa = XCBuildConfiguration;
			buildSettings = {
				ASSETCATALOG_COMPILER_APPICON_NAME = AppIcon;
				ASSETCATALOG_COMPILER_GLOBAL_ACCENT_COLOR_NAME = AccentColor;
				CODE_SIGN_STYLE = Automatic;
				DEVELOPMENT_TEAM = H3V637RY5A;
				INFOPLIST_FILE = VoiceRecoder/Info.plist;
				LD_RUNPATH_SEARCH_PATHS = (
					"$(inherited)",
					"@executable_path/Frameworks",
				);
				PRODUCT_BUNDLE_IDENTIFIER = kr.yeonpark.VoiceRecoder;
				PRODUCT_NAME = "$(TARGET_NAME)";
				SWIFT_VERSION = 5.0;
				TARGETED_DEVICE_FAMILY = "1,2";
			};
			name = Debug;
		};
		FFAC2FFB26EE4D8400196681 /* Release */ = {
			isa = XCBuildConfiguration;
			buildSettings = {
				ASSETCATALOG_COMPILER_APPICON_NAME = AppIcon;
				ASSETCATALOG_COMPILER_GLOBAL_ACCENT_COLOR_NAME = AccentColor;
				CODE_SIGN_STYLE = Automatic;
				DEVELOPMENT_TEAM = H3V637RY5A;
				INFOPLIST_FILE = VoiceRecoder/Info.plist;
				LD_RUNPATH_SEARCH_PATHS = (
					"$(inherited)",
					"@executable_path/Frameworks",
				);
				PRODUCT_BUNDLE_IDENTIFIER = kr.yeonpark.VoiceRecoder;
				PRODUCT_NAME = "$(TARGET_NAME)";
				SWIFT_VERSION = 5.0;
				TARGETED_DEVICE_FAMILY = "1,2";
			};
			name = Release;
		};
/* End XCBuildConfiguration section */

/* Begin XCConfigurationList section */
		FFAC2FE026EE4D8100196681 /* Build configuration list for PBXProject "VoiceRecoder" */ = {
			isa = XCConfigurationList;
			buildConfigurations = (
				FFAC2FF726EE4D8400196681 /* Debug */,
				FFAC2FF826EE4D8400196681 /* Release */,
			);
			defaultConfigurationIsVisible = 0;
			defaultConfigurationName = Release;
		};
		FFAC2FF926EE4D8400196681 /* Build configuration list for PBXNativeTarget "VoiceRecoder" */ = {
			isa = XCConfigurationList;
			buildConfigurations = (
				FFAC2FFA26EE4D8400196681 /* Debug */,
				FFAC2FFB26EE4D8400196681 /* Release */,
			);
			defaultConfigurationIsVisible = 0;
			defaultConfigurationName = Release;
		};
/* End XCConfigurationList section */
	};
	rootObject = FFAC2FDD26EE4D8100196681 /* Project object */;
}
